// !$*UTF8*$!
{
	archiveVersion = 1;
	classes = {
	};
	objectVersion = 48;
	objects = {

/* Begin PBXBuildFile section */
		550DD8AC1FDFC5BE00766DCF /* StockReviewCell.swift in Sources */ = {isa = PBXBuildFile; fileRef = 550DD8AB1FDFC5BE00766DCF /* StockReviewCell.swift */; };
		5522A62D1FDF9010009ED6EF /* TransitionController.swift in Sources */ = {isa = PBXBuildFile; fileRef = 5522A62C1FDF9010009ED6EF /* TransitionController.swift */; };
		553A4E021FE0AFCE00271BBD /* StockReviewSearch.swift in Sources */ = {isa = PBXBuildFile; fileRef = 553A4E011FE0AFCE00271BBD /* StockReviewSearch.swift */; };
		553A4E041FE0C0AB00271BBD /* StockReviewSearchCell.swift in Sources */ = {isa = PBXBuildFile; fileRef = 553A4E031FE0C0AB00271BBD /* StockReviewSearchCell.swift */; };
		553BCF8B1FC2DC3B00BE39C1 /* SliderDialog.swift in Sources */ = {isa = PBXBuildFile; fileRef = 553BCF8A1FC2DC3B00BE39C1 /* SliderDialog.swift */; };
		553F42EE1FCCE94C006784AF /* Product.storyboard in Resources */ = {isa = PBXBuildFile; fileRef = 553F42F01FCCE94C006784AF /* Product.storyboard */; };
		553F42FA1FCD4E8E006784AF /* ProductMount.swift in Sources */ = {isa = PBXBuildFile; fileRef = 553F42F91FCD4E8E006784AF /* ProductMount.swift */; };
		5542B4BA1FE1F67600BD6A00 /* RfidTrackingService.swift in Sources */ = {isa = PBXBuildFile; fileRef = 5542B4B91FE1F67600BD6A00 /* RfidTrackingService.swift */; };
		5542B4BC1FE1F69000BD6A00 /* TagSupply.swift in Sources */ = {isa = PBXBuildFile; fileRef = 5542B4BB1FE1F69000BD6A00 /* TagSupply.swift */; };
		555AC1251FE4C0AB00B6CBBA /* InSignDialog.swift in Sources */ = {isa = PBXBuildFile; fileRef = 555AC1241FE4C0AB00B6CBBA /* InSignDialog.swift */; };
		555B988A1FD2774D006CC14F /* History.storyboard in Resources */ = {isa = PBXBuildFile; fileRef = 555B98891FD2774D006CC14F /* History.storyboard */; };
		555B988C1FD2776A006CC14F /* HistorySearch.swift in Sources */ = {isa = PBXBuildFile; fileRef = 555B988B1FD2776A006CC14F /* HistorySearch.swift */; };
		555B988E1FD27CC3006CC14F /* HistorySearchCell.swift in Sources */ = {isa = PBXBuildFile; fileRef = 555B988D1FD27CC3006CC14F /* HistorySearchCell.swift */; };
		556C7DDA1FDA54010048D6C4 /* ProdInfoDialog.swift in Sources */ = {isa = PBXBuildFile; fileRef = 556C7DD91FDA54010048D6C4 /* ProdInfoDialog.swift */; };
		5571CDE31FCF98E600F88B97 /* AppSnackbarController.swift in Sources */ = {isa = PBXBuildFile; fileRef = 5571CDE21FCF98E600F88B97 /* AppSnackbarController.swift */; };
		5575BB461FE238F000CACCC8 /* EventOther.swift in Sources */ = {isa = PBXBuildFile; fileRef = 5575BB451FE238F000CACCC8 /* EventOther.swift */; };
		5575BB481FE238FA00CACCC8 /* Event.storyboard in Resources */ = {isa = PBXBuildFile; fileRef = 5575BB471FE238FA00CACCC8 /* Event.storyboard */; };
		5575BB4A1FE2394200CACCC8 /* EventOtherCell.swift in Sources */ = {isa = PBXBuildFile; fileRef = 5575BB491FE2394200CACCC8 /* EventOtherCell.swift */; };
		5575BB4C1FE2528200CACCC8 /* EventSelectStore.swift in Sources */ = {isa = PBXBuildFile; fileRef = 5575BB4B1FE2528200CACCC8 /* EventSelectStore.swift */; };
		5575BB4E1FE2534100CACCC8 /* EventSelectStoreCell.swift in Sources */ = {isa = PBXBuildFile; fileRef = 5575BB4D1FE2534100CACCC8 /* EventSelectStoreCell.swift */; };
		5575BB511FE26C2E00CACCC8 /* BarcodeScanner.framework in Frameworks */ = {isa = PBXBuildFile; fileRef = 5575BB4F1FE26C2100CACCC8 /* BarcodeScanner.framework */; };
		5575BB521FE26C2E00CACCC8 /* BarcodeScanner.framework in Embed Frameworks */ = {isa = PBXBuildFile; fileRef = 5575BB4F1FE26C2100CACCC8 /* BarcodeScanner.framework */; settings = {ATTRIBUTES = (CodeSignOnCopy, RemoveHeadersOnCopy, ); }; };
		5590A55D1FD4E194007571D5 /* ProdMappingOut.swift in Sources */ = {isa = PBXBuildFile; fileRef = 5590A55C1FD4E194007571D5 /* ProdMappingOut.swift */; };
		5590A55F1FD4E1AE007571D5 /* ProdMapping.storyboard in Resources */ = {isa = PBXBuildFile; fileRef = 5590A55E1FD4E1AE007571D5 /* ProdMapping.storyboard */; };
		5590A5611FD4E7C1007571D5 /* ProdMappingOutCell.swift in Sources */ = {isa = PBXBuildFile; fileRef = 5590A5601FD4E7C1007571D5 /* ProdMappingOutCell.swift */; };
		559F39CF1FD76A67006E5C17 /* Config.storyboard in Resources */ = {isa = PBXBuildFile; fileRef = 559F39CE1FD76A67006E5C17 /* Config.storyboard */; };
		559F39D41FD76A9F006E5C17 /* ClientConfig.swift in Sources */ = {isa = PBXBuildFile; fileRef = 559F39D31FD76A9F006E5C17 /* ClientConfig.swift */; };
		559F39D61FD76EC7006E5C17 /* BranchSearchDialog.swift in Sources */ = {isa = PBXBuildFile; fileRef = 559F39D51FD76EC7006E5C17 /* BranchSearchDialog.swift */; };
		559F39D81FD76EF5006E5C17 /* BranchSearchCell.swift in Sources */ = {isa = PBXBuildFile; fileRef = 559F39D71FD76EF5006E5C17 /* BranchSearchCell.swift */; };
		559F39DA1FD7704C006E5C17 /* RfidTypeDialog.swift in Sources */ = {isa = PBXBuildFile; fileRef = 559F39D91FD7704C006E5C17 /* RfidTypeDialog.swift */; };
		559F39DC1FD77068006E5C17 /* RfidReaderDialog.swift in Sources */ = {isa = PBXBuildFile; fileRef = 559F39DB1FD77068006E5C17 /* RfidReaderDialog.swift */; };
		559F39DE1FD7708A006E5C17 /* IdentificationSystemDialog.swift in Sources */ = {isa = PBXBuildFile; fileRef = 559F39DD1FD7708A006E5C17 /* IdentificationSystemDialog.swift */; };
		559F39E91FD779D9006E5C17 /* EpcInfo.swift in Sources */ = {isa = PBXBuildFile; fileRef = 559F39E81FD779D9006E5C17 /* EpcInfo.swift */; };
		559F39EB1FD77D28006E5C17 /* ProdContainer.swift in Sources */ = {isa = PBXBuildFile; fileRef = 559F39EA1FD77D28006E5C17 /* ProdContainer.swift */; };
		55A579F01FD51A5700DBA188 /* WorkCustSearch.swift in Sources */ = {isa = PBXBuildFile; fileRef = 55A579EF1FD51A5700DBA188 /* WorkCustSearch.swift */; };
		55A579F21FD51A7400DBA188 /* WorkCustSearchCell.swift in Sources */ = {isa = PBXBuildFile; fileRef = 55A579F11FD51A7400DBA188 /* WorkCustSearchCell.swift */; };
		55ACD6771FC802BD00A2DC72 /* ProductOrderSearch.swift in Sources */ = {isa = PBXBuildFile; fileRef = 55ACD6731FC802BC00A2DC72 /* ProductOrderSearch.swift */; };
		55ACD67E1FC804F800A2DC72 /* ListViewDialog.swift in Sources */ = {isa = PBXBuildFile; fileRef = 55ACD67C1FC804F800A2DC72 /* ListViewDialog.swift */; };
		55ACD6801FC8051900A2DC72 /* DataProtocol.swift in Sources */ = {isa = PBXBuildFile; fileRef = 55ACD67F1FC8051900A2DC72 /* DataProtocol.swift */; };
		55B083071FDE48F3007E3EAB /* OutSignDialog.swift in Sources */ = {isa = PBXBuildFile; fileRef = 55B083061FDE48F3007E3EAB /* OutSignDialog.swift */; };
		55B083091FDE497F007E3EAB /* ProductOrderSearchCell.swift in Sources */ = {isa = PBXBuildFile; fileRef = 55B083081FDE497F007E3EAB /* ProductOrderSearchCell.swift */; };
		55B0830B1FDE4E0B007E3EAB /* YPDrawSignatureView.swift in Sources */ = {isa = PBXBuildFile; fileRef = 55B0830A1FDE4E0B007E3EAB /* YPDrawSignatureView.swift */; };
		55B154BA1FD7681500F69ABE /* ItemInfo.swift in Sources */ = {isa = PBXBuildFile; fileRef = 55B154B91FD7681500F69ABE /* ItemInfo.swift */; };
		55B302C21FCE323B00BDCCB1 /* BaseRfidViewController.swift in Sources */ = {isa = PBXBuildFile; fileRef = 55B302C01FCE323A00BDCCB1 /* BaseRfidViewController.swift */; };
		55B302C31FCE323B00BDCCB1 /* RfidUtil.swift in Sources */ = {isa = PBXBuildFile; fileRef = 55B302C11FCE323A00BDCCB1 /* RfidUtil.swift */; };
		55B302C71FCE32A600BDCCB1 /* RfidInspect.swift in Sources */ = {isa = PBXBuildFile; fileRef = 55B302C51FCE32A600BDCCB1 /* RfidInspect.swift */; };
		55B302C81FCE32A600BDCCB1 /* Tag.storyboard in Resources */ = {isa = PBXBuildFile; fileRef = 55B302C61FCE32A600BDCCB1 /* Tag.storyboard */; };
		55B302CA1FCE339400BDCCB1 /* ProductMountCell.swift in Sources */ = {isa = PBXBuildFile; fileRef = 55B302C91FCE339400BDCCB1 /* ProductMountCell.swift */; };
		55C00A921FCE96E400ED5165 /* TagDetailCell.swift in Sources */ = {isa = PBXBuildFile; fileRef = 55C00A911FCE96E400ED5165 /* TagDetailCell.swift */; };
		55C1957E1FE743EC008299FE /* EasyIn.storyboard in Resources */ = {isa = PBXBuildFile; fileRef = 55C1957D1FE743EC008299FE /* EasyIn.storyboard */; };
		55C195801FE74405008299FE /* EasyIn.swift in Sources */ = {isa = PBXBuildFile; fileRef = 55C1957F1FE74405008299FE /* EasyIn.swift */; };
		55C195821FE74410008299FE /* EasyInCell.swift in Sources */ = {isa = PBXBuildFile; fileRef = 55C195811FE74410008299FE /* EasyInCell.swift */; };
		55C195881FE7620E008299FE /* EasyInSearch.swift in Sources */ = {isa = PBXBuildFile; fileRef = 55C195871FE7620E008299FE /* EasyInSearch.swift */; };
		55C1958A1FE7621D008299FE /* EasyInSearchCell.swift in Sources */ = {isa = PBXBuildFile; fileRef = 55C195891FE7621D008299FE /* EasyInSearchCell.swift */; };
		55C9D58E1FE8991200DDD48E /* logo.png in Resources */ = {isa = PBXBuildFile; fileRef = 55C9D58D1FE8991100DDD48E /* logo.png */; };
		55C9D5901FE8AC8800DDD48E /* rfid.png in Resources */ = {isa = PBXBuildFile; fileRef = 55C9D58F1FE8AC8800DDD48E /* rfid.png */; };
		55C9D5921FE8B5CF00DDD48E /* intro.png in Resources */ = {isa = PBXBuildFile; fileRef = 55C9D5911FE8B5CF00DDD48E /* intro.png */; };
		55D13A661FE348CC00099F50 /* CombineIn.storyboard in Resources */ = {isa = PBXBuildFile; fileRef = 55D13A651FE348CC00099F50 /* CombineIn.storyboard */; };
		55D13A681FE348FC00099F50 /* CombineIn.swift in Sources */ = {isa = PBXBuildFile; fileRef = 55D13A671FE348FC00099F50 /* CombineIn.swift */; };
		55D13A6A1FE3491C00099F50 /* CombineInCell.swift in Sources */ = {isa = PBXBuildFile; fileRef = 55D13A691FE3491C00099F50 /* CombineInCell.swift */; };
		55D13A6C1FE36FB400099F50 /* CombineInSearch.swift in Sources */ = {isa = PBXBuildFile; fileRef = 55D13A6B1FE36FB400099F50 /* CombineInSearch.swift */; };
		55D13A6E1FE36FCA00099F50 /* CombineInSearchCell.swift in Sources */ = {isa = PBXBuildFile; fileRef = 55D13A6D1FE36FCA00099F50 /* CombineInSearchCell.swift */; };
		55ECF5DC1FCE89B70021F786 /* Common.storyboard in Resources */ = {isa = PBXBuildFile; fileRef = 55ECF5DB1FCE89B70021F786 /* Common.storyboard */; };
		55ECF5DE1FCE8BC40021F786 /* TagDetailList.swift in Sources */ = {isa = PBXBuildFile; fileRef = 55ECF5DD1FCE8BC40021F786 /* TagDetailList.swift */; };
		55FA782A1FBDAB6700583A80 /* Material.framework in Frameworks */ = {isa = PBXBuildFile; fileRef = 55FA78241FBDAB2B00583A80 /* Material.framework */; };
		55FA782B1FBDAB6700583A80 /* Material.framework in Embed Frameworks */ = {isa = PBXBuildFile; fileRef = 55FA78241FBDAB2B00583A80 /* Material.framework */; settings = {ATTRIBUTES = (CodeSignOnCopy, RemoveHeadersOnCopy, ); }; };
		55FA782C1FBDAB6C00583A80 /* Motion.framework in Frameworks */ = {isa = PBXBuildFile; fileRef = 55FA78261FBDAB4700583A80 /* Motion.framework */; };
		55FA782D1FBDAB6C00583A80 /* Motion.framework in Embed Frameworks */ = {isa = PBXBuildFile; fileRef = 55FA78261FBDAB4700583A80 /* Motion.framework */; settings = {ATTRIBUTES = (CodeSignOnCopy, RemoveHeadersOnCopy, ); }; };
		55FA782E1FBDAB7300583A80 /* FontAwesome.framework in Frameworks */ = {isa = PBXBuildFile; fileRef = 55FA78201FBDAAA800583A80 /* FontAwesome.framework */; };
		55FA782F1FBDAB7300583A80 /* FontAwesome.framework in Embed Frameworks */ = {isa = PBXBuildFile; fileRef = 55FA78201FBDAAA800583A80 /* FontAwesome.framework */; settings = {ATTRIBUTES = (CodeSignOnCopy, RemoveHeadersOnCopy, ); }; };
		55FA78301FBDAB7800583A80 /* SwiftyJSON.framework in Frameworks */ = {isa = PBXBuildFile; fileRef = 55FA78281FBDAB5800583A80 /* SwiftyJSON.framework */; };
		55FA78311FBDAB7800583A80 /* SwiftyJSON.framework in Embed Frameworks */ = {isa = PBXBuildFile; fileRef = 55FA78281FBDAB5800583A80 /* SwiftyJSON.framework */; settings = {ATTRIBUTES = (CodeSignOnCopy, RemoveHeadersOnCopy, ); }; };
		55FA78351FBDACC600583A80 /* Constants.swift in Sources */ = {isa = PBXBuildFile; fileRef = 55FA78331FBDACC600583A80 /* Constants.swift */; };
		55FA783A1FBDACE300583A80 /* UserLogin.swift in Sources */ = {isa = PBXBuildFile; fileRef = 55FA78381FBDACE300583A80 /* UserLogin.swift */; };
		55FA783B1FBDACE300583A80 /* UserInfo.swift in Sources */ = {isa = PBXBuildFile; fileRef = 55FA78391FBDACE300583A80 /* UserInfo.swift */; };
		55FA78401FBDACFD00583A80 /* pallet.png in Resources */ = {isa = PBXBuildFile; fileRef = 55FA783E1FBDACFC00583A80 /* pallet.png */; };
		55FA78481FBDAD0B00583A80 /* AppNavigationDrawerController.swift in Sources */ = {isa = PBXBuildFile; fileRef = 55FA78421FBDAD0B00583A80 /* AppNavigationDrawerController.swift */; };
		55FA78491FBDAD0B00583A80 /* AppToolbarController.swift in Sources */ = {isa = PBXBuildFile; fileRef = 55FA78431FBDAD0B00583A80 /* AppToolbarController.swift */; };
		55FA784A1FBDAD0B00583A80 /* LeftMenuItem.swift in Sources */ = {isa = PBXBuildFile; fileRef = 55FA78441FBDAD0B00583A80 /* LeftMenuItem.swift */; };
		55FA784B1FBDAD0B00583A80 /* LeftViewController.swift in Sources */ = {isa = PBXBuildFile; fileRef = 55FA78451FBDAD0B00583A80 /* LeftViewController.swift */; };
		55FA784C1FBDAD0B00583A80 /* RightViewController.swift in Sources */ = {isa = PBXBuildFile; fileRef = 55FA78461FBDAD0B00583A80 /* RightViewController.swift */; };
		55FA784D1FBDAD0B00583A80 /* RootViewController.swift in Sources */ = {isa = PBXBuildFile; fileRef = 55FA78471FBDAD0B00583A80 /* RootViewController.swift */; };
		55FA78561FBDAD7E00583A80 /* AppContext.swift in Sources */ = {isa = PBXBuildFile; fileRef = 55FA78551FBDAD7E00583A80 /* AppContext.swift */; };
		55FC62A41FD14A41003B7173 /* StockReview.swift in Sources */ = {isa = PBXBuildFile; fileRef = 55FC62A31FD14A41003B7173 /* StockReview.swift */; };
		55FC62A61FD14A56003B7173 /* Stock.storyboard in Resources */ = {isa = PBXBuildFile; fileRef = 55FC62A51FD14A56003B7173 /* Stock.storyboard */; };
		960224421FD0DBCD00DE7C65 /* SwingReader.swift in Sources */ = {isa = PBXBuildFile; fileRef = 960224411FD0DBCD00DE7C65 /* SwingReader.swift */; };
		960224441FD0F3E400DE7C65 /* AT288Reader.swift in Sources */ = {isa = PBXBuildFile; fileRef = 960224431FD0F3E400DE7C65 /* AT288Reader.swift */; };
		9609374A1FE3984D0070755E /* TagOrderSearch.swift in Sources */ = {isa = PBXBuildFile; fileRef = 960937491FE3984D0070755E /* TagOrderSearch.swift */; };
		9609374C1FE398AB0070755E /* TagOrderSearchCell.swift in Sources */ = {isa = PBXBuildFile; fileRef = 9609374B1FE398AB0070755E /* TagOrderSearchCell.swift */; };
		9618F0E61FCE83D300F376B7 /* TagCell.swift in Sources */ = {isa = PBXBuildFile; fileRef = 9618F0E51FCE83D300F376B7 /* TagCell.swift */; };
		96779DEE1FE27CE4009A4708 /* RfidInspectCell.swift in Sources */ = {isa = PBXBuildFile; fileRef = 96779DED1FE27CE4009A4708 /* RfidInspectCell.swift */; };
		967A9C441FC3BE8D00B6A9D1 /* Localizable.strings in Resources */ = {isa = PBXBuildFile; fileRef = 967A9C461FC3BE8D00B6A9D1 /* Localizable.strings */; };
		967A9C4A1FC4003B00B6A9D1 /* Main.storyboard in Resources */ = {isa = PBXBuildFile; fileRef = 967A9C4C1FC4003B00B6A9D1 /* Main.storyboard */; };
		9680BE851FCBD91D002838A4 /* BLEDevice.m in Sources */ = {isa = PBXBuildFile; fileRef = 9680BE7C1FCBD91C002838A4 /* BLEDevice.m */; };
		9680BE861FCBD91D002838A4 /* SwingApi.m in Sources */ = {isa = PBXBuildFile; fileRef = 9680BE7D1FCBD91C002838A4 /* SwingApi.m */; };
		9680BE871FCBD91D002838A4 /* SwingDevice.m in Sources */ = {isa = PBXBuildFile; fileRef = 9680BE7F1FCBD91C002838A4 /* SwingDevice.m */; };
		9680BE881FCBD91D002838A4 /* SwingProtocol.m in Sources */ = {isa = PBXBuildFile; fileRef = 9680BE801FCBD91C002838A4 /* SwingProtocol.m */; };
		9680BE891FCBD91D002838A4 /* BLEUtility.m in Sources */ = {isa = PBXBuildFile; fileRef = 9680BE821FCBD91D002838A4 /* BLEUtility.m */; };
		9680BE8C1FCBD9D4002838A4 /* RfidSwing.swift in Sources */ = {isa = PBXBuildFile; fileRef = 9680BE8B1FCBD9D4002838A4 /* RfidSwing.swift */; };
		968611EC1FBD585C000FE288 /* SWXMLHash.framework in Frameworks */ = {isa = PBXBuildFile; fileRef = 968611DD1FBD564C000FE288 /* SWXMLHash.framework */; };
		968611ED1FBD585C000FE288 /* SWXMLHash.framework in Embed Frameworks */ = {isa = PBXBuildFile; fileRef = 968611DD1FBD564C000FE288 /* SWXMLHash.framework */; settings = {ATTRIBUTES = (CodeSignOnCopy, RemoveHeadersOnCopy, ); }; };
		96994C4D1FC5453B00B3A726 /* SQLite.framework in Frameworks */ = {isa = PBXBuildFile; fileRef = 96994C4C1FC5453A00B3A726 /* SQLite.framework */; };
		96994C4F1FC5455900B3A726 /* SQLite.framework in Embed Frameworks */ = {isa = PBXBuildFile; fileRef = 96994C4C1FC5453A00B3A726 /* SQLite.framework */; settings = {ATTRIBUTES = (CodeSignOnCopy, RemoveHeadersOnCopy, ); }; };
		96994C511FC545DF00B3A726 /* LocalData.swift in Sources */ = {isa = PBXBuildFile; fileRef = 96994C501FC545DF00B3A726 /* LocalData.swift */; };
		96999C641FE3915400A0565B /* TagSupplyCell.swift in Sources */ = {isa = PBXBuildFile; fileRef = 96999C631FE3915400A0565B /* TagSupplyCell.swift */; };
		96D279C91FBE5E4D004B848F /* Mosaic.framework in Frameworks */ = {isa = PBXBuildFile; fileRef = 96D279C81FBE5E4D004B848F /* Mosaic.framework */; };
		96D279CA1FBE5E4D004B848F /* Mosaic.framework in Embed Frameworks */ = {isa = PBXBuildFile; fileRef = 96D279C81FBE5E4D004B848F /* Mosaic.framework */; settings = {ATTRIBUTES = (CodeSignOnCopy, RemoveHeadersOnCopy, ); }; };
		96E494201FB1A78500D1E2C1 /* AppDelegate.swift in Sources */ = {isa = PBXBuildFile; fileRef = 96E4941F1FB1A78500D1E2C1 /* AppDelegate.swift */; };
		96E494221FB1A78500D1E2C1 /* ViewController.swift in Sources */ = {isa = PBXBuildFile; fileRef = 96E494211FB1A78500D1E2C1 /* ViewController.swift */; };
		96E494271FB1A78500D1E2C1 /* Assets.xcassets in Resources */ = {isa = PBXBuildFile; fileRef = 96E494261FB1A78500D1E2C1 /* Assets.xcassets */; };
		96E4942A1FB1A78500D1E2C1 /* LaunchScreen.storyboard in Resources */ = {isa = PBXBuildFile; fileRef = 96E494281FB1A78500D1E2C1 /* LaunchScreen.storyboard */; };
		96E494351FB1A78500D1E2C1 /* RRPPClientTests.swift in Sources */ = {isa = PBXBuildFile; fileRef = 96E494341FB1A78500D1E2C1 /* RRPPClientTests.swift */; };
		B01C42051FE0CA8000404301 /* BaseViewController.swift in Sources */ = {isa = PBXBuildFile; fileRef = B01C42031FE0CA7F00404301 /* BaseViewController.swift */; };
		B01C42081FE0CBD200404301 /* BaseTableViewController.swift in Sources */ = {isa = PBXBuildFile; fileRef = B01C42041FE0CA7F00404301 /* BaseTableViewController.swift */; };
		B01C420B1FE0EEBA00404301 /* CombineOut.storyboard in Resources */ = {isa = PBXBuildFile; fileRef = B01C420A1FE0EEBA00404301 /* CombineOut.storyboard */; };
		B01C420D1FE105BB00404301 /* CombineOut.swift in Sources */ = {isa = PBXBuildFile; fileRef = B01C420C1FE105BB00404301 /* CombineOut.swift */; };
		B01C420F1FE105E400404301 /* CombineOutCell.swift in Sources */ = {isa = PBXBuildFile; fileRef = B01C420E1FE105E400404301 /* CombineOutCell.swift */; };
		B060131B1FD5088A00594CCD /* InOutCancel.storyboard in Resources */ = {isa = PBXBuildFile; fileRef = B060131A1FD5088A00594CCD /* InOutCancel.storyboard */; };
		B060131D1FD512B900594CCD /* InOutCancel.swift in Sources */ = {isa = PBXBuildFile; fileRef = B060131C1FD512B900594CCD /* InOutCancel.swift */; };
		B060131F1FD529A200594CCD /* InOutCancelCell.swift in Sources */ = {isa = PBXBuildFile; fileRef = B060131E1FD529A200594CCD /* InOutCancelCell.swift */; };
		B077DA1C1FDF990900616F3A /* OutMemoDialog.swift in Sources */ = {isa = PBXBuildFile; fileRef = B077DA1B1FDF990900616F3A /* OutMemoDialog.swift */; };
		B0A2357C1FDA5E7F00AD4925 /* InOutCancelDetailCell.swift in Sources */ = {isa = PBXBuildFile; fileRef = B0A2357B1FDA5E7F00AD4925 /* InOutCancelDetailCell.swift */; };
		B0A2357E1FDA6D4D00AD4925 /* InOutCancelDetail.swift in Sources */ = {isa = PBXBuildFile; fileRef = B0A2357D1FDA6D4D00AD4925 /* InOutCancelDetail.swift */; };
		B0FD4EDD1FE3C24700EE976E /* CombineOutWorkList.swift in Sources */ = {isa = PBXBuildFile; fileRef = B0FD4EDB1FE3C24600EE976E /* CombineOutWorkList.swift */; };
		B0FD4EDE1FE3C24700EE976E /* CombineOutWorkListCell.swift in Sources */ = {isa = PBXBuildFile; fileRef = B0FD4EDC1FE3C24600EE976E /* CombineOutWorkListCell.swift */; };
/* End PBXBuildFile section */

/* Begin PBXContainerItemProxy section */
		96E494311FB1A78500D1E2C1 /* PBXContainerItemProxy */ = {
			isa = PBXContainerItemProxy;
			containerPortal = 96E494141FB1A78500D1E2C1 /* Project object */;
			proxyType = 1;
			remoteGlobalIDString = 96E4941B1FB1A78500D1E2C1;
			remoteInfo = RRPPClient;
		};
		96E4943C1FB1A78500D1E2C1 /* PBXContainerItemProxy */ = {
			isa = PBXContainerItemProxy;
			containerPortal = 96E494141FB1A78500D1E2C1 /* Project object */;
			proxyType = 1;
			remoteGlobalIDString = 96E4941B1FB1A78500D1E2C1;
			remoteInfo = RRPPClient;
		};
/* End PBXContainerItemProxy section */

/* Begin PBXCopyFilesBuildPhase section */
		968611E71FBD56D0000FE288 /* Embed Frameworks */ = {
			isa = PBXCopyFilesBuildPhase;
			buildActionMask = 12;
			dstPath = "";
			dstSubfolderSpec = 10;
			files = (
				96994C4F1FC5455900B3A726 /* SQLite.framework in Embed Frameworks */,
				96D279CA1FBE5E4D004B848F /* Mosaic.framework in Embed Frameworks */,
				968611ED1FBD585C000FE288 /* SWXMLHash.framework in Embed Frameworks */,
				55FA78311FBDAB7800583A80 /* SwiftyJSON.framework in Embed Frameworks */,
				55FA782D1FBDAB6C00583A80 /* Motion.framework in Embed Frameworks */,
				55FA782B1FBDAB6700583A80 /* Material.framework in Embed Frameworks */,
				5575BB521FE26C2E00CACCC8 /* BarcodeScanner.framework in Embed Frameworks */,
				55FA782F1FBDAB7300583A80 /* FontAwesome.framework in Embed Frameworks */,
			);
			name = "Embed Frameworks";
			runOnlyForDeploymentPostprocessing = 0;
		};
/* End PBXCopyFilesBuildPhase section */

/* Begin PBXFileReference section */
		550DD8AB1FDFC5BE00766DCF /* StockReviewCell.swift */ = {isa = PBXFileReference; lastKnownFileType = sourcecode.swift; path = StockReviewCell.swift; sourceTree = "<group>"; };
		551FA96F1FC50EF4007C17F7 /* DataProtocol.swift */ = {isa = PBXFileReference; lastKnownFileType = sourcecode.swift; path = DataProtocol.swift; sourceTree = "<group>"; };
		5522A62C1FDF9010009ED6EF /* TransitionController.swift */ = {isa = PBXFileReference; lastKnownFileType = sourcecode.swift; path = TransitionController.swift; sourceTree = "<group>"; };
		5522A6301FDFA778009ED6EF /* BaseTableViewController.swift */ = {isa = PBXFileReference; lastKnownFileType = sourcecode.swift; path = BaseTableViewController.swift; sourceTree = "<group>"; };
		553A4E011FE0AFCE00271BBD /* StockReviewSearch.swift */ = {isa = PBXFileReference; lastKnownFileType = sourcecode.swift; path = StockReviewSearch.swift; sourceTree = "<group>"; };
		553A4E031FE0C0AB00271BBD /* StockReviewSearchCell.swift */ = {isa = PBXFileReference; lastKnownFileType = sourcecode.swift; path = StockReviewSearchCell.swift; sourceTree = "<group>"; };
		553BCF8A1FC2DC3B00BE39C1 /* SliderDialog.swift */ = {isa = PBXFileReference; fileEncoding = 4; lastKnownFileType = sourcecode.swift; path = SliderDialog.swift; sourceTree = "<group>"; };
		553F42EA1FCCDD5B006784AF /* RfidInspect.swift */ = {isa = PBXFileReference; lastKnownFileType = sourcecode.swift; path = RfidInspect.swift; sourceTree = "<group>"; };
		553F42EC1FCCDDC6006784AF /* Tag.storyboard */ = {isa = PBXFileReference; lastKnownFileType = file.storyboard; path = Tag.storyboard; sourceTree = "<group>"; };
		553F42EF1FCCE94C006784AF /* Base */ = {isa = PBXFileReference; lastKnownFileType = file.storyboard; name = Base; path = Base.lproj/Product.storyboard; sourceTree = "<group>"; };
		553F42F21FCCE959006784AF /* en */ = {isa = PBXFileReference; lastKnownFileType = text.plist.strings; name = en; path = en.lproj/Product.strings; sourceTree = "<group>"; };
		553F42F41FCCE959006784AF /* zh */ = {isa = PBXFileReference; lastKnownFileType = text.plist.strings; name = zh; path = zh.lproj/Product.strings; sourceTree = "<group>"; };
		553F42F61FCCE95B006784AF /* ko */ = {isa = PBXFileReference; lastKnownFileType = text.plist.strings; name = ko; path = ko.lproj/Product.strings; sourceTree = "<group>"; };
		553F42F91FCD4E8E006784AF /* ProductMount.swift */ = {isa = PBXFileReference; lastKnownFileType = sourcecode.swift; path = ProductMount.swift; sourceTree = "<group>"; };
		5542B4B91FE1F67600BD6A00 /* RfidTrackingService.swift */ = {isa = PBXFileReference; lastKnownFileType = sourcecode.swift; path = RfidTrackingService.swift; sourceTree = "<group>"; };
		5542B4BB1FE1F69000BD6A00 /* TagSupply.swift */ = {isa = PBXFileReference; lastKnownFileType = sourcecode.swift; path = TagSupply.swift; sourceTree = "<group>"; };
		555AC1241FE4C0AB00B6CBBA /* InSignDialog.swift */ = {isa = PBXFileReference; lastKnownFileType = sourcecode.swift; path = InSignDialog.swift; sourceTree = "<group>"; };
		555B98891FD2774D006CC14F /* History.storyboard */ = {isa = PBXFileReference; lastKnownFileType = file.storyboard; path = History.storyboard; sourceTree = "<group>"; };
		555B988B1FD2776A006CC14F /* HistorySearch.swift */ = {isa = PBXFileReference; lastKnownFileType = sourcecode.swift; path = HistorySearch.swift; sourceTree = "<group>"; };
		555B988D1FD27CC3006CC14F /* HistorySearchCell.swift */ = {isa = PBXFileReference; lastKnownFileType = sourcecode.swift; path = HistorySearchCell.swift; sourceTree = "<group>"; };
		5564DA751FC5583800A39598 /* ListViewDialog.swift */ = {isa = PBXFileReference; lastKnownFileType = sourcecode.swift; path = ListViewDialog.swift; sourceTree = "<group>"; };
		556C7DD91FDA54010048D6C4 /* ProdInfoDialog.swift */ = {isa = PBXFileReference; lastKnownFileType = sourcecode.swift; path = ProdInfoDialog.swift; sourceTree = "<group>"; };
		5571CDE21FCF98E600F88B97 /* AppSnackbarController.swift */ = {isa = PBXFileReference; lastKnownFileType = sourcecode.swift; path = AppSnackbarController.swift; sourceTree = "<group>"; };
		5575BB451FE238F000CACCC8 /* EventOther.swift */ = {isa = PBXFileReference; lastKnownFileType = sourcecode.swift; path = EventOther.swift; sourceTree = "<group>"; };
		5575BB471FE238FA00CACCC8 /* Event.storyboard */ = {isa = PBXFileReference; lastKnownFileType = file.storyboard; path = Event.storyboard; sourceTree = "<group>"; };
		5575BB491FE2394200CACCC8 /* EventOtherCell.swift */ = {isa = PBXFileReference; lastKnownFileType = sourcecode.swift; path = EventOtherCell.swift; sourceTree = "<group>"; };
		5575BB4B1FE2528200CACCC8 /* EventSelectStore.swift */ = {isa = PBXFileReference; lastKnownFileType = sourcecode.swift; path = EventSelectStore.swift; sourceTree = "<group>"; };
		5575BB4D1FE2534100CACCC8 /* EventSelectStoreCell.swift */ = {isa = PBXFileReference; lastKnownFileType = sourcecode.swift; path = EventSelectStoreCell.swift; sourceTree = "<group>"; };
		5575BB4F1FE26C2100CACCC8 /* BarcodeScanner.framework */ = {isa = PBXFileReference; lastKnownFileType = wrapper.framework; name = BarcodeScanner.framework; path = Carthage/Build/iOS/BarcodeScanner.framework; sourceTree = "<group>"; };
		5590A55C1FD4E194007571D5 /* ProdMappingOut.swift */ = {isa = PBXFileReference; lastKnownFileType = sourcecode.swift; path = ProdMappingOut.swift; sourceTree = "<group>"; };
		5590A55E1FD4E1AE007571D5 /* ProdMapping.storyboard */ = {isa = PBXFileReference; lastKnownFileType = file.storyboard; path = ProdMapping.storyboard; sourceTree = "<group>"; };
		5590A5601FD4E7C1007571D5 /* ProdMappingOutCell.swift */ = {isa = PBXFileReference; lastKnownFileType = sourcecode.swift; path = ProdMappingOutCell.swift; sourceTree = "<group>"; };
		559F39CE1FD76A67006E5C17 /* Config.storyboard */ = {isa = PBXFileReference; lastKnownFileType = file.storyboard; path = Config.storyboard; sourceTree = "<group>"; };
		559F39D31FD76A9F006E5C17 /* ClientConfig.swift */ = {isa = PBXFileReference; lastKnownFileType = sourcecode.swift; path = ClientConfig.swift; sourceTree = "<group>"; };
		559F39D51FD76EC7006E5C17 /* BranchSearchDialog.swift */ = {isa = PBXFileReference; lastKnownFileType = sourcecode.swift; path = BranchSearchDialog.swift; sourceTree = "<group>"; };
		559F39D71FD76EF5006E5C17 /* BranchSearchCell.swift */ = {isa = PBXFileReference; lastKnownFileType = sourcecode.swift; path = BranchSearchCell.swift; sourceTree = "<group>"; };
		559F39D91FD7704C006E5C17 /* RfidTypeDialog.swift */ = {isa = PBXFileReference; lastKnownFileType = sourcecode.swift; path = RfidTypeDialog.swift; sourceTree = "<group>"; };
		559F39DB1FD77068006E5C17 /* RfidReaderDialog.swift */ = {isa = PBXFileReference; lastKnownFileType = sourcecode.swift; path = RfidReaderDialog.swift; sourceTree = "<group>"; };
		559F39DD1FD7708A006E5C17 /* IdentificationSystemDialog.swift */ = {isa = PBXFileReference; lastKnownFileType = sourcecode.swift; path = IdentificationSystemDialog.swift; sourceTree = "<group>"; };
		559F39E81FD779D9006E5C17 /* EpcInfo.swift */ = {isa = PBXFileReference; lastKnownFileType = sourcecode.swift; path = EpcInfo.swift; sourceTree = "<group>"; };
		559F39EA1FD77D28006E5C17 /* ProdContainer.swift */ = {isa = PBXFileReference; lastKnownFileType = sourcecode.swift; path = ProdContainer.swift; sourceTree = "<group>"; };
		55A579EF1FD51A5700DBA188 /* WorkCustSearch.swift */ = {isa = PBXFileReference; lastKnownFileType = sourcecode.swift; path = WorkCustSearch.swift; sourceTree = "<group>"; };
		55A579F11FD51A7400DBA188 /* WorkCustSearchCell.swift */ = {isa = PBXFileReference; lastKnownFileType = sourcecode.swift; path = WorkCustSearchCell.swift; sourceTree = "<group>"; };
		55ACD6731FC802BC00A2DC72 /* ProductOrderSearch.swift */ = {isa = PBXFileReference; fileEncoding = 4; lastKnownFileType = sourcecode.swift; path = ProductOrderSearch.swift; sourceTree = "<group>"; };
		55ACD67C1FC804F800A2DC72 /* ListViewDialog.swift */ = {isa = PBXFileReference; fileEncoding = 4; lastKnownFileType = sourcecode.swift; path = ListViewDialog.swift; sourceTree = "<group>"; };
		55ACD67F1FC8051900A2DC72 /* DataProtocol.swift */ = {isa = PBXFileReference; fileEncoding = 4; lastKnownFileType = sourcecode.swift; path = DataProtocol.swift; sourceTree = "<group>"; };
		55B083061FDE48F3007E3EAB /* OutSignDialog.swift */ = {isa = PBXFileReference; lastKnownFileType = sourcecode.swift; path = OutSignDialog.swift; sourceTree = "<group>"; };
		55B083081FDE497F007E3EAB /* ProductOrderSearchCell.swift */ = {isa = PBXFileReference; lastKnownFileType = sourcecode.swift; path = ProductOrderSearchCell.swift; sourceTree = "<group>"; };
		55B0830A1FDE4E0B007E3EAB /* YPDrawSignatureView.swift */ = {isa = PBXFileReference; lastKnownFileType = sourcecode.swift; path = YPDrawSignatureView.swift; sourceTree = "<group>"; };
		55B154B91FD7681500F69ABE /* ItemInfo.swift */ = {isa = PBXFileReference; lastKnownFileType = sourcecode.swift; path = ItemInfo.swift; sourceTree = "<group>"; };
		55B2D80D1FCBF4FA0010E61D /* RfidUtil.swift */ = {isa = PBXFileReference; lastKnownFileType = sourcecode.swift; path = RfidUtil.swift; sourceTree = "<group>"; };
		55B2D80F1FCC0DF40010E61D /* BaseViewController.swift */ = {isa = PBXFileReference; lastKnownFileType = sourcecode.swift; path = BaseViewController.swift; sourceTree = "<group>"; };
		55B302C01FCE323A00BDCCB1 /* BaseRfidViewController.swift */ = {isa = PBXFileReference; fileEncoding = 4; lastKnownFileType = sourcecode.swift; path = BaseRfidViewController.swift; sourceTree = "<group>"; };
		55B302C11FCE323A00BDCCB1 /* RfidUtil.swift */ = {isa = PBXFileReference; fileEncoding = 4; lastKnownFileType = sourcecode.swift; path = RfidUtil.swift; sourceTree = "<group>"; };
		55B302C51FCE32A600BDCCB1 /* RfidInspect.swift */ = {isa = PBXFileReference; fileEncoding = 4; lastKnownFileType = sourcecode.swift; path = RfidInspect.swift; sourceTree = "<group>"; };
		55B302C61FCE32A600BDCCB1 /* Tag.storyboard */ = {isa = PBXFileReference; fileEncoding = 4; lastKnownFileType = file.storyboard; path = Tag.storyboard; sourceTree = "<group>"; };
		55B302C91FCE339400BDCCB1 /* ProductMountCell.swift */ = {isa = PBXFileReference; fileEncoding = 4; lastKnownFileType = sourcecode.swift; path = ProductMountCell.swift; sourceTree = "<group>"; };
		55C00A911FCE96E400ED5165 /* TagDetailCell.swift */ = {isa = PBXFileReference; lastKnownFileType = sourcecode.swift; path = TagDetailCell.swift; sourceTree = "<group>"; };
		55C1957D1FE743EC008299FE /* EasyIn.storyboard */ = {isa = PBXFileReference; lastKnownFileType = file.storyboard; path = EasyIn.storyboard; sourceTree = "<group>"; };
		55C1957F1FE74405008299FE /* EasyIn.swift */ = {isa = PBXFileReference; lastKnownFileType = sourcecode.swift; path = EasyIn.swift; sourceTree = "<group>"; };
		55C195811FE74410008299FE /* EasyInCell.swift */ = {isa = PBXFileReference; lastKnownFileType = sourcecode.swift; path = EasyInCell.swift; sourceTree = "<group>"; };
		55C195871FE7620E008299FE /* EasyInSearch.swift */ = {isa = PBXFileReference; lastKnownFileType = sourcecode.swift; path = EasyInSearch.swift; sourceTree = "<group>"; };
		55C195891FE7621D008299FE /* EasyInSearchCell.swift */ = {isa = PBXFileReference; lastKnownFileType = sourcecode.swift; path = EasyInSearchCell.swift; sourceTree = "<group>"; };
		55C9D58D1FE8991100DDD48E /* logo.png */ = {isa = PBXFileReference; lastKnownFileType = image.png; path = logo.png; sourceTree = "<group>"; };
		55C9D58F1FE8AC8800DDD48E /* rfid.png */ = {isa = PBXFileReference; lastKnownFileType = image.png; path = rfid.png; sourceTree = "<group>"; };
		55C9D5911FE8B5CF00DDD48E /* intro.png */ = {isa = PBXFileReference; lastKnownFileType = image.png; path = intro.png; sourceTree = "<group>"; };
		55D13A651FE348CC00099F50 /* CombineIn.storyboard */ = {isa = PBXFileReference; lastKnownFileType = file.storyboard; path = CombineIn.storyboard; sourceTree = "<group>"; };
		55D13A671FE348FC00099F50 /* CombineIn.swift */ = {isa = PBXFileReference; lastKnownFileType = sourcecode.swift; path = CombineIn.swift; sourceTree = "<group>"; };
		55D13A691FE3491C00099F50 /* CombineInCell.swift */ = {isa = PBXFileReference; lastKnownFileType = sourcecode.swift; path = CombineInCell.swift; sourceTree = "<group>"; };
		55D13A6B1FE36FB400099F50 /* CombineInSearch.swift */ = {isa = PBXFileReference; lastKnownFileType = sourcecode.swift; path = CombineInSearch.swift; sourceTree = "<group>"; };
		55D13A6D1FE36FCA00099F50 /* CombineInSearchCell.swift */ = {isa = PBXFileReference; lastKnownFileType = sourcecode.swift; path = CombineInSearchCell.swift; sourceTree = "<group>"; };
		55ECF5DB1FCE89B70021F786 /* Common.storyboard */ = {isa = PBXFileReference; lastKnownFileType = file.storyboard; path = Common.storyboard; sourceTree = "<group>"; };
		55ECF5DD1FCE8BC40021F786 /* TagDetailList.swift */ = {isa = PBXFileReference; lastKnownFileType = sourcecode.swift; path = TagDetailList.swift; sourceTree = "<group>"; };
		55FA78201FBDAAA800583A80 /* FontAwesome.framework */ = {isa = PBXFileReference; lastKnownFileType = wrapper.framework; name = FontAwesome.framework; path = Carthage/Build/iOS/FontAwesome.framework; sourceTree = "<group>"; };
		55FA78241FBDAB2B00583A80 /* Material.framework */ = {isa = PBXFileReference; lastKnownFileType = wrapper.framework; name = Material.framework; path = Carthage/Build/iOS/Material.framework; sourceTree = "<group>"; };
		55FA78261FBDAB4700583A80 /* Motion.framework */ = {isa = PBXFileReference; lastKnownFileType = wrapper.framework; name = Motion.framework; path = Carthage/Build/iOS/Motion.framework; sourceTree = "<group>"; };
		55FA78281FBDAB5800583A80 /* SwiftyJSON.framework */ = {isa = PBXFileReference; lastKnownFileType = wrapper.framework; name = SwiftyJSON.framework; path = Carthage/Build/iOS/SwiftyJSON.framework; sourceTree = "<group>"; };
		55FA78331FBDACC600583A80 /* Constants.swift */ = {isa = PBXFileReference; fileEncoding = 4; lastKnownFileType = sourcecode.swift; path = Constants.swift; sourceTree = "<group>"; };
		55FA78381FBDACE300583A80 /* UserLogin.swift */ = {isa = PBXFileReference; fileEncoding = 4; lastKnownFileType = sourcecode.swift; path = UserLogin.swift; sourceTree = "<group>"; };
		55FA78391FBDACE300583A80 /* UserInfo.swift */ = {isa = PBXFileReference; fileEncoding = 4; lastKnownFileType = sourcecode.swift; path = UserInfo.swift; sourceTree = "<group>"; };
		55FA783E1FBDACFC00583A80 /* pallet.png */ = {isa = PBXFileReference; lastKnownFileType = image.png; path = pallet.png; sourceTree = "<group>"; };
		55FA78421FBDAD0B00583A80 /* AppNavigationDrawerController.swift */ = {isa = PBXFileReference; fileEncoding = 4; lastKnownFileType = sourcecode.swift; path = AppNavigationDrawerController.swift; sourceTree = "<group>"; };
		55FA78431FBDAD0B00583A80 /* AppToolbarController.swift */ = {isa = PBXFileReference; fileEncoding = 4; lastKnownFileType = sourcecode.swift; path = AppToolbarController.swift; sourceTree = "<group>"; };
		55FA78441FBDAD0B00583A80 /* LeftMenuItem.swift */ = {isa = PBXFileReference; fileEncoding = 4; lastKnownFileType = sourcecode.swift; path = LeftMenuItem.swift; sourceTree = "<group>"; };
		55FA78451FBDAD0B00583A80 /* LeftViewController.swift */ = {isa = PBXFileReference; fileEncoding = 4; lastKnownFileType = sourcecode.swift; path = LeftViewController.swift; sourceTree = "<group>"; };
		55FA78461FBDAD0B00583A80 /* RightViewController.swift */ = {isa = PBXFileReference; fileEncoding = 4; lastKnownFileType = sourcecode.swift; path = RightViewController.swift; sourceTree = "<group>"; };
		55FA78471FBDAD0B00583A80 /* RootViewController.swift */ = {isa = PBXFileReference; fileEncoding = 4; lastKnownFileType = sourcecode.swift; path = RootViewController.swift; sourceTree = "<group>"; };
		55FA78551FBDAD7E00583A80 /* AppContext.swift */ = {isa = PBXFileReference; fileEncoding = 4; lastKnownFileType = sourcecode.swift; path = AppContext.swift; sourceTree = "<group>"; };
		55FC62A31FD14A41003B7173 /* StockReview.swift */ = {isa = PBXFileReference; lastKnownFileType = sourcecode.swift; path = StockReview.swift; sourceTree = "<group>"; };
		55FC62A51FD14A56003B7173 /* Stock.storyboard */ = {isa = PBXFileReference; lastKnownFileType = file.storyboard; path = Stock.storyboard; sourceTree = "<group>"; };
		960224411FD0DBCD00DE7C65 /* SwingReader.swift */ = {isa = PBXFileReference; lastKnownFileType = sourcecode.swift; path = SwingReader.swift; sourceTree = "<group>"; };
		960224431FD0F3E400DE7C65 /* AT288Reader.swift */ = {isa = PBXFileReference; lastKnownFileType = sourcecode.swift; path = AT288Reader.swift; sourceTree = "<group>"; };
		960937491FE3984D0070755E /* TagOrderSearch.swift */ = {isa = PBXFileReference; lastKnownFileType = sourcecode.swift; path = TagOrderSearch.swift; sourceTree = "<group>"; };
		9609374B1FE398AB0070755E /* TagOrderSearchCell.swift */ = {isa = PBXFileReference; lastKnownFileType = sourcecode.swift; path = TagOrderSearchCell.swift; sourceTree = "<group>"; };
		9618F0E51FCE83D300F376B7 /* TagCell.swift */ = {isa = PBXFileReference; lastKnownFileType = sourcecode.swift; path = TagCell.swift; sourceTree = "<group>"; };
		96779DED1FE27CE4009A4708 /* RfidInspectCell.swift */ = {isa = PBXFileReference; fileEncoding = 4; lastKnownFileType = sourcecode.swift; path = RfidInspectCell.swift; sourceTree = "<group>"; };
		967A9C451FC3BE8D00B6A9D1 /* en */ = {isa = PBXFileReference; lastKnownFileType = text.plist.strings; name = en; path = en.lproj/Localizable.strings; sourceTree = "<group>"; };
		967A9C471FC3BE9500B6A9D1 /* Base */ = {isa = PBXFileReference; lastKnownFileType = text.plist.strings; name = Base; path = Base.lproj/Localizable.strings; sourceTree = "<group>"; };
		967A9C481FC3C57500B6A9D1 /* zh */ = {isa = PBXFileReference; lastKnownFileType = text.plist.strings; name = zh; path = zh.lproj/Localizable.strings; sourceTree = "<group>"; };
		967A9C491FC3CA5900B6A9D1 /* ko */ = {isa = PBXFileReference; lastKnownFileType = text.plist.strings; name = ko; path = ko.lproj/Localizable.strings; sourceTree = "<group>"; };
		967A9C4B1FC4003B00B6A9D1 /* Base */ = {isa = PBXFileReference; lastKnownFileType = file.storyboard; name = Base; path = Base.lproj/Main.storyboard; sourceTree = "<group>"; };
		967A9C4E1FC4004A00B6A9D1 /* en */ = {isa = PBXFileReference; lastKnownFileType = text.plist.strings; name = en; path = en.lproj/Main.strings; sourceTree = "<group>"; };
		967A9C501FC4005300B6A9D1 /* zh */ = {isa = PBXFileReference; lastKnownFileType = text.plist.strings; name = zh; path = zh.lproj/Main.strings; sourceTree = "<group>"; };
		967A9C521FC4005400B6A9D1 /* ko */ = {isa = PBXFileReference; lastKnownFileType = text.plist.strings; name = ko; path = ko.lproj/Main.strings; sourceTree = "<group>"; };
		9680BE731FCBD7DC002838A4 /* RRPPClient-Bridging-Header.h */ = {isa = PBXFileReference; lastKnownFileType = sourcecode.c.h; path = "RRPPClient-Bridging-Header.h"; sourceTree = "<group>"; };
		9680BE7A1FCBD91B002838A4 /* BLEDevice.h */ = {isa = PBXFileReference; fileEncoding = 4; lastKnownFileType = sourcecode.c.h; path = BLEDevice.h; sourceTree = "<group>"; };
		9680BE7B1FCBD91C002838A4 /* SwingApi.h */ = {isa = PBXFileReference; fileEncoding = 4; lastKnownFileType = sourcecode.c.h; path = SwingApi.h; sourceTree = "<group>"; };
		9680BE7C1FCBD91C002838A4 /* BLEDevice.m */ = {isa = PBXFileReference; fileEncoding = 4; lastKnownFileType = sourcecode.c.objc; path = BLEDevice.m; sourceTree = "<group>"; };
		9680BE7D1FCBD91C002838A4 /* SwingApi.m */ = {isa = PBXFileReference; fileEncoding = 4; lastKnownFileType = sourcecode.c.objc; path = SwingApi.m; sourceTree = "<group>"; };
		9680BE7E1FCBD91C002838A4 /* SwingDevice.h */ = {isa = PBXFileReference; fileEncoding = 4; lastKnownFileType = sourcecode.c.h; path = SwingDevice.h; sourceTree = "<group>"; };
		9680BE7F1FCBD91C002838A4 /* SwingDevice.m */ = {isa = PBXFileReference; fileEncoding = 4; lastKnownFileType = sourcecode.c.objc; path = SwingDevice.m; sourceTree = "<group>"; };
		9680BE801FCBD91C002838A4 /* SwingProtocol.m */ = {isa = PBXFileReference; fileEncoding = 4; lastKnownFileType = sourcecode.c.objc; path = SwingProtocol.m; sourceTree = "<group>"; };
		9680BE811FCBD91C002838A4 /* BLEUtility.h */ = {isa = PBXFileReference; fileEncoding = 4; lastKnownFileType = sourcecode.c.h; path = BLEUtility.h; sourceTree = "<group>"; };
		9680BE821FCBD91D002838A4 /* BLEUtility.m */ = {isa = PBXFileReference; fileEncoding = 4; lastKnownFileType = sourcecode.c.objc; path = BLEUtility.m; sourceTree = "<group>"; };
		9680BE841FCBD91D002838A4 /* SwingProtocol.h */ = {isa = PBXFileReference; fileEncoding = 4; lastKnownFileType = sourcecode.c.h; path = SwingProtocol.h; sourceTree = "<group>"; };
		9680BE8B1FCBD9D4002838A4 /* RfidSwing.swift */ = {isa = PBXFileReference; lastKnownFileType = sourcecode.swift; path = RfidSwing.swift; sourceTree = "<group>"; };
		968611DD1FBD564C000FE288 /* SWXMLHash.framework */ = {isa = PBXFileReference; lastKnownFileType = wrapper.framework; name = SWXMLHash.framework; path = Carthage/Build/iOS/SWXMLHash.framework; sourceTree = "<group>"; };
		96994C4C1FC5453A00B3A726 /* SQLite.framework */ = {isa = PBXFileReference; lastKnownFileType = wrapper.framework; name = SQLite.framework; path = Carthage/Build/iOS/SQLite.framework; sourceTree = "<group>"; };
		96994C501FC545DF00B3A726 /* LocalData.swift */ = {isa = PBXFileReference; lastKnownFileType = sourcecode.swift; path = LocalData.swift; sourceTree = "<group>"; };
		96999C631FE3915400A0565B /* TagSupplyCell.swift */ = {isa = PBXFileReference; lastKnownFileType = sourcecode.swift; path = TagSupplyCell.swift; sourceTree = "<group>"; };
		96D279C81FBE5E4D004B848F /* Mosaic.framework */ = {isa = PBXFileReference; explicitFileType = wrapper.framework; path = Mosaic.framework; sourceTree = BUILT_PRODUCTS_DIR; };
		96E4941C1FB1A78500D1E2C1 /*  RRPPClient.app */ = {isa = PBXFileReference; explicitFileType = wrapper.application; includeInIndex = 0; path = " RRPPClient.app"; sourceTree = BUILT_PRODUCTS_DIR; };
		96E4941F1FB1A78500D1E2C1 /* AppDelegate.swift */ = {isa = PBXFileReference; lastKnownFileType = sourcecode.swift; path = AppDelegate.swift; sourceTree = "<group>"; };
		96E494211FB1A78500D1E2C1 /* ViewController.swift */ = {isa = PBXFileReference; lastKnownFileType = sourcecode.swift; path = ViewController.swift; sourceTree = "<group>"; };
		96E494261FB1A78500D1E2C1 /* Assets.xcassets */ = {isa = PBXFileReference; lastKnownFileType = folder.assetcatalog; path = Assets.xcassets; sourceTree = "<group>"; };
		96E494291FB1A78500D1E2C1 /* Base */ = {isa = PBXFileReference; lastKnownFileType = file.storyboard; name = Base; path = Base.lproj/LaunchScreen.storyboard; sourceTree = "<group>"; };
		96E4942B1FB1A78500D1E2C1 /* Info.plist */ = {isa = PBXFileReference; lastKnownFileType = text.plist.xml; path = Info.plist; sourceTree = "<group>"; };
		96E494301FB1A78500D1E2C1 /*  RRPPClientTests.xctest */ = {isa = PBXFileReference; explicitFileType = wrapper.cfbundle; includeInIndex = 0; path = " RRPPClientTests.xctest"; sourceTree = BUILT_PRODUCTS_DIR; };
		96E494341FB1A78500D1E2C1 /* RRPPClientTests.swift */ = {isa = PBXFileReference; lastKnownFileType = sourcecode.swift; path = RRPPClientTests.swift; sourceTree = "<group>"; };
		96E494361FB1A78500D1E2C1 /* Info.plist */ = {isa = PBXFileReference; lastKnownFileType = text.plist.xml; path = Info.plist; sourceTree = "<group>"; };
		96E4943B1FB1A78500D1E2C1 /*  RRPPClientUITests.xctest */ = {isa = PBXFileReference; explicitFileType = wrapper.cfbundle; includeInIndex = 0; path = " RRPPClientUITests.xctest"; sourceTree = BUILT_PRODUCTS_DIR; };
		96E4944F1FB1A81F00D1E2C1 /* moramframework.framework */ = {isa = PBXFileReference; explicitFileType = wrapper.framework; path = moramframework.framework; sourceTree = BUILT_PRODUCTS_DIR; };
		B01C42031FE0CA7F00404301 /* BaseViewController.swift */ = {isa = PBXFileReference; fileEncoding = 4; lastKnownFileType = sourcecode.swift; path = BaseViewController.swift; sourceTree = "<group>"; };
		B01C42041FE0CA7F00404301 /* BaseTableViewController.swift */ = {isa = PBXFileReference; fileEncoding = 4; lastKnownFileType = sourcecode.swift; path = BaseTableViewController.swift; sourceTree = "<group>"; };
		B01C420A1FE0EEBA00404301 /* CombineOut.storyboard */ = {isa = PBXFileReference; lastKnownFileType = file.storyboard; path = CombineOut.storyboard; sourceTree = "<group>"; };
		B01C420C1FE105BB00404301 /* CombineOut.swift */ = {isa = PBXFileReference; lastKnownFileType = sourcecode.swift; path = CombineOut.swift; sourceTree = "<group>"; };
		B01C420E1FE105E400404301 /* CombineOutCell.swift */ = {isa = PBXFileReference; lastKnownFileType = sourcecode.swift; path = CombineOutCell.swift; sourceTree = "<group>"; };
		B060131A1FD5088A00594CCD /* InOutCancel.storyboard */ = {isa = PBXFileReference; lastKnownFileType = file.storyboard; path = InOutCancel.storyboard; sourceTree = "<group>"; };
		B060131C1FD512B900594CCD /* InOutCancel.swift */ = {isa = PBXFileReference; lastKnownFileType = sourcecode.swift; path = InOutCancel.swift; sourceTree = "<group>"; };
		B060131E1FD529A200594CCD /* InOutCancelCell.swift */ = {isa = PBXFileReference; lastKnownFileType = sourcecode.swift; path = InOutCancelCell.swift; sourceTree = "<group>"; };
		B077DA1B1FDF990900616F3A /* OutMemoDialog.swift */ = {isa = PBXFileReference; lastKnownFileType = sourcecode.swift; path = OutMemoDialog.swift; sourceTree = "<group>"; };
		B0A2357B1FDA5E7F00AD4925 /* InOutCancelDetailCell.swift */ = {isa = PBXFileReference; lastKnownFileType = sourcecode.swift; path = InOutCancelDetailCell.swift; sourceTree = "<group>"; };
		B0A2357D1FDA6D4D00AD4925 /* InOutCancelDetail.swift */ = {isa = PBXFileReference; lastKnownFileType = sourcecode.swift; path = InOutCancelDetail.swift; sourceTree = "<group>"; };
		B0FD4EDB1FE3C24600EE976E /* CombineOutWorkList.swift */ = {isa = PBXFileReference; fileEncoding = 4; lastKnownFileType = sourcecode.swift; path = CombineOutWorkList.swift; sourceTree = "<group>"; };
		B0FD4EDC1FE3C24600EE976E /* CombineOutWorkListCell.swift */ = {isa = PBXFileReference; fileEncoding = 4; lastKnownFileType = sourcecode.swift; path = CombineOutWorkListCell.swift; sourceTree = "<group>"; };
/* End PBXFileReference section */

/* Begin PBXFrameworksBuildPhase section */
		96E494191FB1A78500D1E2C1 /* Frameworks */ = {
			isa = PBXFrameworksBuildPhase;
			buildActionMask = 2147483647;
			files = (
				96994C4D1FC5453B00B3A726 /* SQLite.framework in Frameworks */,
				96D279C91FBE5E4D004B848F /* Mosaic.framework in Frameworks */,
				968611EC1FBD585C000FE288 /* SWXMLHash.framework in Frameworks */,
				5575BB511FE26C2E00CACCC8 /* BarcodeScanner.framework in Frameworks */,
				55FA78301FBDAB7800583A80 /* SwiftyJSON.framework in Frameworks */,
				55FA782C1FBDAB6C00583A80 /* Motion.framework in Frameworks */,
				55FA782A1FBDAB6700583A80 /* Material.framework in Frameworks */,
				55FA782E1FBDAB7300583A80 /* FontAwesome.framework in Frameworks */,
			);
			runOnlyForDeploymentPostprocessing = 0;
		};
		96E4942D1FB1A78500D1E2C1 /* Frameworks */ = {
			isa = PBXFrameworksBuildPhase;
			buildActionMask = 2147483647;
			files = (
			);
			runOnlyForDeploymentPostprocessing = 0;
		};
		96E494381FB1A78500D1E2C1 /* Frameworks */ = {
			isa = PBXFrameworksBuildPhase;
			buildActionMask = 2147483647;
			files = (
			);
			runOnlyForDeploymentPostprocessing = 0;
		};
/* End PBXFrameworksBuildPhase section */

/* Begin PBXGroup section */
		5522A62B1FDF8FE1009ED6EF /* Extension */ = {
			isa = PBXGroup;
			children = (
				5522A62C1FDF9010009ED6EF /* TransitionController.swift */,
			);
			name = Extension;
			path = "New Group";
			sourceTree = "<group>";
		};
		555B98881FD27734006CC14F /* History */ = {
			isa = PBXGroup;
			children = (
				555B98891FD2774D006CC14F /* History.storyboard */,
				555B988B1FD2776A006CC14F /* HistorySearch.swift */,
				555B988D1FD27CC3006CC14F /* HistorySearchCell.swift */,
			);
			path = History;
			sourceTree = "<group>";
		};
		5575BB441FE238CF00CACCC8 /* Event */ = {
			isa = PBXGroup;
			children = (
				5575BB451FE238F000CACCC8 /* EventOther.swift */,
				5575BB471FE238FA00CACCC8 /* Event.storyboard */,
				5575BB491FE2394200CACCC8 /* EventOtherCell.swift */,
				5575BB4B1FE2528200CACCC8 /* EventSelectStore.swift */,
				5575BB4D1FE2534100CACCC8 /* EventSelectStoreCell.swift */,
			);
			path = Event;
			sourceTree = "<group>";
		};
		5590A55B1FD4DE65007571D5 /* ProdMapping */ = {
			isa = PBXGroup;
			children = (
				5590A55C1FD4E194007571D5 /* ProdMappingOut.swift */,
				5590A55E1FD4E1AE007571D5 /* ProdMapping.storyboard */,
				5590A5601FD4E7C1007571D5 /* ProdMappingOutCell.swift */,
				55B154B91FD7681500F69ABE /* ItemInfo.swift */,
				559F39E81FD779D9006E5C17 /* EpcInfo.swift */,
				559F39EA1FD77D28006E5C17 /* ProdContainer.swift */,
				556C7DD91FDA54010048D6C4 /* ProdInfoDialog.swift */,
			);
			path = ProdMapping;
			sourceTree = "<group>";
		};
		559F39CD1FD76A45006E5C17 /* Config */ = {
			isa = PBXGroup;
			children = (
				559F39CE1FD76A67006E5C17 /* Config.storyboard */,
				559F39D31FD76A9F006E5C17 /* ClientConfig.swift */,
				559F39D51FD76EC7006E5C17 /* BranchSearchDialog.swift */,
				559F39D71FD76EF5006E5C17 /* BranchSearchCell.swift */,
				559F39D91FD7704C006E5C17 /* RfidTypeDialog.swift */,
				559F39DB1FD77068006E5C17 /* RfidReaderDialog.swift */,
				559F39DD1FD7708A006E5C17 /* IdentificationSystemDialog.swift */,
			);
			path = Config;
			sourceTree = "<group>";
		};
		55ACD66C1FC801A900A2DC72 /* Recovered References */ = {
			isa = PBXGroup;
			children = (
				551FA96F1FC50EF4007C17F7 /* DataProtocol.swift */,
				5564DA751FC5583800A39598 /* ListViewDialog.swift */,
				55B2D80D1FCBF4FA0010E61D /* RfidUtil.swift */,
				553F42EA1FCCDD5B006784AF /* RfidInspect.swift */,
				553F42EC1FCCDDC6006784AF /* Tag.storyboard */,
				5522A6301FDFA778009ED6EF /* BaseTableViewController.swift */,
				55B2D80F1FCC0DF40010E61D /* BaseViewController.swift */,
			);
			name = "Recovered References";
			sourceTree = "<group>";
		};
		55B302BF1FCE323A00BDCCB1 /* Reader */ = {
			isa = PBXGroup;
			children = (
				9602243F1FD0D19D00DE7C65 /* Swing */,
				960224401FD0D21E00DE7C65 /* AT288 */,
				55B302C01FCE323A00BDCCB1 /* BaseRfidViewController.swift */,
				55B302C11FCE323A00BDCCB1 /* RfidUtil.swift */,
			);
			path = Reader;
			sourceTree = "<group>";
		};
		55B302C41FCE32A600BDCCB1 /* Tag */ = {
			isa = PBXGroup;
			children = (
				96779DED1FE27CE4009A4708 /* RfidInspectCell.swift */,
				55B302C51FCE32A600BDCCB1 /* RfidInspect.swift */,
				55B302C61FCE32A600BDCCB1 /* Tag.storyboard */,
				9618F0E51FCE83D300F376B7 /* TagCell.swift */,
				5542B4B91FE1F67600BD6A00 /* RfidTrackingService.swift */,
				5542B4BB1FE1F69000BD6A00 /* TagSupply.swift */,
				96999C631FE3915400A0565B /* TagSupplyCell.swift */,
				960937491FE3984D0070755E /* TagOrderSearch.swift */,
				9609374B1FE398AB0070755E /* TagOrderSearchCell.swift */,
			);
			path = Tag;
			sourceTree = "<group>";
		};
		55C1957C1FE743DD008299FE /* EasyIn */ = {
			isa = PBXGroup;
			children = (
				55C1957D1FE743EC008299FE /* EasyIn.storyboard */,
				55C1957F1FE74405008299FE /* EasyIn.swift */,
				55C195811FE74410008299FE /* EasyInCell.swift */,
				55C195871FE7620E008299FE /* EasyInSearch.swift */,
				55C195891FE7621D008299FE /* EasyInSearchCell.swift */,
			);
			path = EasyIn;
			sourceTree = "<group>";
		};
		55D13A641FE348A500099F50 /* CombineIn */ = {
			isa = PBXGroup;
			children = (
				55D13A651FE348CC00099F50 /* CombineIn.storyboard */,
				55D13A671FE348FC00099F50 /* CombineIn.swift */,
				55D13A691FE3491C00099F50 /* CombineInCell.swift */,
				55D13A6B1FE36FB400099F50 /* CombineInSearch.swift */,
				55D13A6D1FE36FCA00099F50 /* CombineInSearchCell.swift */,
			);
			path = CombineIn;
			sourceTree = "<group>";
		};
		55F385C91FC3B6A40043F1A3 /* Product */ = {
			isa = PBXGroup;
			children = (
				553F42F01FCCE94C006784AF /* Product.storyboard */,
				55B302C91FCE339400BDCCB1 /* ProductMountCell.swift */,
				553F42F91FCD4E8E006784AF /* ProductMount.swift */,
				55ACD6731FC802BC00A2DC72 /* ProductOrderSearch.swift */,
				55B083081FDE497F007E3EAB /* ProductOrderSearchCell.swift */,
			);
			path = Product;
			sourceTree = "<group>";
		};
		55FA78321FBDACC600583A80 /* Common */ = {
			isa = PBXGroup;
			children = (
				B01C42041FE0CA7F00404301 /* BaseTableViewController.swift */,
				B01C42031FE0CA7F00404301 /* BaseViewController.swift */,
				55ECF5DB1FCE89B70021F786 /* Common.storyboard */,
				55ACD67F1FC8051900A2DC72 /* DataProtocol.swift */,
				55ACD67C1FC804F800A2DC72 /* ListViewDialog.swift */,
				553BCF8A1FC2DC3B00BE39C1 /* SliderDialog.swift */,
				55FA78331FBDACC600583A80 /* Constants.swift */,
				96994C501FC545DF00B3A726 /* LocalData.swift */,
				55ECF5DD1FCE8BC40021F786 /* TagDetailList.swift */,
				55C00A911FCE96E400ED5165 /* TagDetailCell.swift */,
				55A579EF1FD51A5700DBA188 /* WorkCustSearch.swift */,
				55A579F11FD51A7400DBA188 /* WorkCustSearchCell.swift */,
				55B083061FDE48F3007E3EAB /* OutSignDialog.swift */,
				55B0830A1FDE4E0B007E3EAB /* YPDrawSignatureView.swift */,
				B077DA1B1FDF990900616F3A /* OutMemoDialog.swift */,
				555AC1241FE4C0AB00B6CBBA /* InSignDialog.swift */,
			);
			path = Common;
			sourceTree = "<group>";
		};
		55FA78371FBDACE300583A80 /* User */ = {
			isa = PBXGroup;
			children = (
				55FA78381FBDACE300583A80 /* UserLogin.swift */,
				55FA78391FBDACE300583A80 /* UserInfo.swift */,
			);
			path = User;
			sourceTree = "<group>";
		};
		55FA783C1FBDACFC00583A80 /* Images */ = {
			isa = PBXGroup;
			children = (
				55C9D5911FE8B5CF00DDD48E /* intro.png */,
				55C9D58F1FE8AC8800DDD48E /* rfid.png */,
				55C9D58D1FE8991100DDD48E /* logo.png */,
				55FA783E1FBDACFC00583A80 /* pallet.png */,
			);
			path = Images;
			sourceTree = "<group>";
		};
		55FA78411FBDAD0B00583A80 /* Main */ = {
			isa = PBXGroup;
			children = (
				967A9C4C1FC4003B00B6A9D1 /* Main.storyboard */,
				55FA78421FBDAD0B00583A80 /* AppNavigationDrawerController.swift */,
				55FA78431FBDAD0B00583A80 /* AppToolbarController.swift */,
				55FA78441FBDAD0B00583A80 /* LeftMenuItem.swift */,
				55FA78451FBDAD0B00583A80 /* LeftViewController.swift */,
				55FA78461FBDAD0B00583A80 /* RightViewController.swift */,
				55FA78471FBDAD0B00583A80 /* RootViewController.swift */,
				5571CDE21FCF98E600F88B97 /* AppSnackbarController.swift */,
			);
			path = Main;
			sourceTree = "<group>";
		};
		55FC62A21FD149EE003B7173 /* Stock */ = {
			isa = PBXGroup;
			children = (
				55FC62A51FD14A56003B7173 /* Stock.storyboard */,
				55FC62A31FD14A41003B7173 /* StockReview.swift */,
				550DD8AB1FDFC5BE00766DCF /* StockReviewCell.swift */,
				553A4E011FE0AFCE00271BBD /* StockReviewSearch.swift */,
				553A4E031FE0C0AB00271BBD /* StockReviewSearchCell.swift */,
			);
			path = Stock;
			sourceTree = "<group>";
		};
		9602243F1FD0D19D00DE7C65 /* Swing */ = {
			isa = PBXGroup;
			children = (
				9680BE7A1FCBD91B002838A4 /* BLEDevice.h */,
				9680BE7C1FCBD91C002838A4 /* BLEDevice.m */,
				9680BE811FCBD91C002838A4 /* BLEUtility.h */,
				9680BE821FCBD91D002838A4 /* BLEUtility.m */,
				9680BE7B1FCBD91C002838A4 /* SwingApi.h */,
				9680BE7D1FCBD91C002838A4 /* SwingApi.m */,
				9680BE7E1FCBD91C002838A4 /* SwingDevice.h */,
				9680BE7F1FCBD91C002838A4 /* SwingDevice.m */,
				9680BE841FCBD91D002838A4 /* SwingProtocol.h */,
				9680BE801FCBD91C002838A4 /* SwingProtocol.m */,
				960224411FD0DBCD00DE7C65 /* SwingReader.swift */,
			);
			path = Swing;
			sourceTree = "<group>";
		};
		960224401FD0D21E00DE7C65 /* AT288 */ = {
			isa = PBXGroup;
			children = (
				960224431FD0F3E400DE7C65 /* AT288Reader.swift */,
			);
			path = AT288;
			sourceTree = "<group>";
		};
		967A9C411FC3BE4E00B6A9D1 /* Resources */ = {
			isa = PBXGroup;
			children = (
				967A9C461FC3BE8D00B6A9D1 /* Localizable.strings */,
			);
			path = Resources;
			sourceTree = "<group>";
		};
		9680BE721FCBD7AD002838A4 /* Rfid */ = {
			isa = PBXGroup;
			children = (
				9680BE8B1FCBD9D4002838A4 /* RfidSwing.swift */,
			);
			path = Rfid;
			sourceTree = "<group>";
		};
		96E494131FB1A78500D1E2C1 = {
			isa = PBXGroup;
			children = (
				96D279C81FBE5E4D004B848F /* Mosaic.framework */,
				96E4941E1FB1A78500D1E2C1 /* RRPPClient */,
				96E494331FB1A78500D1E2C1 /* RRPPClientTests */,
				96E4941D1FB1A78500D1E2C1 /* Products */,
				96E4944D1FB1A81F00D1E2C1 /* Frameworks */,
				55ACD66C1FC801A900A2DC72 /* Recovered References */,
			);
			sourceTree = "<group>";
		};
		96E4941D1FB1A78500D1E2C1 /* Products */ = {
			isa = PBXGroup;
			children = (
				96E4941C1FB1A78500D1E2C1 /*  RRPPClient.app */,
				96E494301FB1A78500D1E2C1 /*  RRPPClientTests.xctest */,
				96E4943B1FB1A78500D1E2C1 /*  RRPPClientUITests.xctest */,
			);
			name = Products;
			sourceTree = "<group>";
		};
		96E4941E1FB1A78500D1E2C1 /* RRPPClient */ = {
			isa = PBXGroup;
			children = (
				55C1957C1FE743DD008299FE /* EasyIn */,
				55D13A641FE348A500099F50 /* CombineIn */,
				5575BB441FE238CF00CACCC8 /* Event */,
				B01C42091FE0EDA000404301 /* CombineOut */,
				5522A62B1FDF8FE1009ED6EF /* Extension */,
				B06013191FD5080F00594CCD /* InOutCancel */,
				5590A55B1FD4DE65007571D5 /* ProdMapping */,
				555B98881FD27734006CC14F /* History */,
				55FC62A21FD149EE003B7173 /* Stock */,
				55B302C41FCE32A600BDCCB1 /* Tag */,
				55B302BF1FCE323A00BDCCB1 /* Reader */,
				9680BE721FCBD7AD002838A4 /* Rfid */,
				967A9C411FC3BE4E00B6A9D1 /* Resources */,
				55F385C91FC3B6A40043F1A3 /* Product */,
				55FA78411FBDAD0B00583A80 /* Main */,
				55FA783C1FBDACFC00583A80 /* Images */,
				55FA78371FBDACE300583A80 /* User */,
				559F39CD1FD76A45006E5C17 /* Config */,
				55FA78321FBDACC600583A80 /* Common */,
				96E4941F1FB1A78500D1E2C1 /* AppDelegate.swift */,
				55FA78551FBDAD7E00583A80 /* AppContext.swift */,
				96E494211FB1A78500D1E2C1 /* ViewController.swift */,
				96E494261FB1A78500D1E2C1 /* Assets.xcassets */,
				96E494281FB1A78500D1E2C1 /* LaunchScreen.storyboard */,
				9680BE731FCBD7DC002838A4 /* RRPPClient-Bridging-Header.h */,
				96E4942B1FB1A78500D1E2C1 /* Info.plist */,
			);
			path = RRPPClient;
			sourceTree = "<group>";
		};
		96E494331FB1A78500D1E2C1 /* RRPPClientTests */ = {
			isa = PBXGroup;
			children = (
				96E494341FB1A78500D1E2C1 /* RRPPClientTests.swift */,
				96E494361FB1A78500D1E2C1 /* Info.plist */,
			);
			path = RRPPClientTests;
			sourceTree = "<group>";
		};
		96E4944D1FB1A81F00D1E2C1 /* Frameworks */ = {
			isa = PBXGroup;
			children = (
				5575BB4F1FE26C2100CACCC8 /* BarcodeScanner.framework */,
				96994C4C1FC5453A00B3A726 /* SQLite.framework */,
				55FA78281FBDAB5800583A80 /* SwiftyJSON.framework */,
				55FA78261FBDAB4700583A80 /* Motion.framework */,
				55FA78241FBDAB2B00583A80 /* Material.framework */,
				55FA78201FBDAAA800583A80 /* FontAwesome.framework */,
				968611DD1FBD564C000FE288 /* SWXMLHash.framework */,
				96E4944F1FB1A81F00D1E2C1 /* moramframework.framework */,
			);
			name = Frameworks;
			sourceTree = "<group>";
		};
		B01C42091FE0EDA000404301 /* CombineOut */ = {
			isa = PBXGroup;
			children = (
				B0FD4EDB1FE3C24600EE976E /* CombineOutWorkList.swift */,
				B0FD4EDC1FE3C24600EE976E /* CombineOutWorkListCell.swift */,
				B01C420C1FE105BB00404301 /* CombineOut.swift */,
				B01C420A1FE0EEBA00404301 /* CombineOut.storyboard */,
				B01C420E1FE105E400404301 /* CombineOutCell.swift */,
			);
			path = CombineOut;
			sourceTree = "<group>";
		};
		B06013191FD5080F00594CCD /* InOutCancel */ = {
			isa = PBXGroup;
			children = (
				B060131A1FD5088A00594CCD /* InOutCancel.storyboard */,
				B060131C1FD512B900594CCD /* InOutCancel.swift */,
				B060131E1FD529A200594CCD /* InOutCancelCell.swift */,
				B0A2357B1FDA5E7F00AD4925 /* InOutCancelDetailCell.swift */,
				B0A2357D1FDA6D4D00AD4925 /* InOutCancelDetail.swift */,
			);
			path = InOutCancel;
			sourceTree = "<group>";
		};
/* End PBXGroup section */

/* Begin PBXNativeTarget section */
		96E4941B1FB1A78500D1E2C1 /*  RRPPClient */ = {
			isa = PBXNativeTarget;
			buildConfigurationList = 96E494441FB1A78500D1E2C1 /* Build configuration list for PBXNativeTarget " RRPPClient" */;
			buildPhases = (
				96E494181FB1A78500D1E2C1 /* Sources */,
				96E494191FB1A78500D1E2C1 /* Frameworks */,
				96E4941A1FB1A78500D1E2C1 /* Resources */,
				96C23CE51FBD519D00744ADC /* ShellScript */,
				968611E71FBD56D0000FE288 /* Embed Frameworks */,
			);
			buildRules = (
			);
			dependencies = (
			);
			name = " RRPPClient";
			productName = RRPPClient;
			productReference = 96E4941C1FB1A78500D1E2C1 /*  RRPPClient.app */;
			productType = "com.apple.product-type.application";
		};
		96E4942F1FB1A78500D1E2C1 /*  RRPPClientTests */ = {
			isa = PBXNativeTarget;
			buildConfigurationList = 96E494471FB1A78500D1E2C1 /* Build configuration list for PBXNativeTarget " RRPPClientTests" */;
			buildPhases = (
				96E4942C1FB1A78500D1E2C1 /* Sources */,
				96E4942D1FB1A78500D1E2C1 /* Frameworks */,
				96E4942E1FB1A78500D1E2C1 /* Resources */,
			);
			buildRules = (
			);
			dependencies = (
				96E494321FB1A78500D1E2C1 /* PBXTargetDependency */,
			);
			name = " RRPPClientTests";
			productName = RRPPClientTests;
			productReference = 96E494301FB1A78500D1E2C1 /*  RRPPClientTests.xctest */;
			productType = "com.apple.product-type.bundle.unit-test";
		};
		96E4943A1FB1A78500D1E2C1 /*  RRPPClientUITests */ = {
			isa = PBXNativeTarget;
			buildConfigurationList = 96E4944A1FB1A78500D1E2C1 /* Build configuration list for PBXNativeTarget " RRPPClientUITests" */;
			buildPhases = (
				96E494371FB1A78500D1E2C1 /* Sources */,
				96E494381FB1A78500D1E2C1 /* Frameworks */,
				96E494391FB1A78500D1E2C1 /* Resources */,
			);
			buildRules = (
			);
			dependencies = (
				96E4943D1FB1A78500D1E2C1 /* PBXTargetDependency */,
			);
			name = " RRPPClientUITests";
			productName = RRPPClientUITests;
			productReference = 96E4943B1FB1A78500D1E2C1 /*  RRPPClientUITests.xctest */;
			productType = "com.apple.product-type.bundle.ui-testing";
		};
/* End PBXNativeTarget section */

/* Begin PBXProject section */
		96E494141FB1A78500D1E2C1 /* Project object */ = {
			isa = PBXProject;
			attributes = {
				LastSwiftUpdateCheck = 0910;
				LastUpgradeCheck = 0910;
				ORGANIZATIONNAME = MORAMCNT;
				TargetAttributes = {
					96E4941B1FB1A78500D1E2C1 = {
						CreatedOnToolsVersion = 9.1;
						LastSwiftMigration = 0910;
						ProvisioningStyle = Automatic;
					};
					96E4942F1FB1A78500D1E2C1 = {
						CreatedOnToolsVersion = 9.1;
						ProvisioningStyle = Automatic;
						TestTargetID = 96E4941B1FB1A78500D1E2C1;
					};
					96E4943A1FB1A78500D1E2C1 = {
						CreatedOnToolsVersion = 9.1;
						ProvisioningStyle = Automatic;
						TestTargetID = 96E4941B1FB1A78500D1E2C1;
					};
				};
			};
			buildConfigurationList = 96E494171FB1A78500D1E2C1 /* Build configuration list for PBXProject "RRPPClient" */;
			compatibilityVersion = "Xcode 8.0";
			developmentRegion = en;
			hasScannedForEncodings = 0;
			knownRegions = (
				en,
				Base,
				zh,
				ko,
			);
			mainGroup = 96E494131FB1A78500D1E2C1;
			productRefGroup = 96E4941D1FB1A78500D1E2C1 /* Products */;
			projectDirPath = "";
			projectRoot = "";
			targets = (
				96E4941B1FB1A78500D1E2C1 /*  RRPPClient */,
				96E4942F1FB1A78500D1E2C1 /*  RRPPClientTests */,
				96E4943A1FB1A78500D1E2C1 /*  RRPPClientUITests */,
			);
		};
/* End PBXProject section */

/* Begin PBXResourcesBuildPhase section */
		96E4941A1FB1A78500D1E2C1 /* Resources */ = {
			isa = PBXResourcesBuildPhase;
			buildActionMask = 2147483647;
			files = (
				B01C420B1FE0EEBA00404301 /* CombineOut.storyboard in Resources */,
				55FA78401FBDACFD00583A80 /* pallet.png in Resources */,
				55D13A661FE348CC00099F50 /* CombineIn.storyboard in Resources */,
				55B302C81FCE32A600BDCCB1 /* Tag.storyboard in Resources */,
				96E4942A1FB1A78500D1E2C1 /* LaunchScreen.storyboard in Resources */,
				55C1957E1FE743EC008299FE /* EasyIn.storyboard in Resources */,
				555B988A1FD2774D006CC14F /* History.storyboard in Resources */,
				55ECF5DC1FCE89B70021F786 /* Common.storyboard in Resources */,
				553F42EE1FCCE94C006784AF /* Product.storyboard in Resources */,
				5590A55F1FD4E1AE007571D5 /* ProdMapping.storyboard in Resources */,
				967A9C4A1FC4003B00B6A9D1 /* Main.storyboard in Resources */,
				5575BB481FE238FA00CACCC8 /* Event.storyboard in Resources */,
				55C9D58E1FE8991200DDD48E /* logo.png in Resources */,
				967A9C441FC3BE8D00B6A9D1 /* Localizable.strings in Resources */,
				55C9D5921FE8B5CF00DDD48E /* intro.png in Resources */,
				559F39CF1FD76A67006E5C17 /* Config.storyboard in Resources */,
				55C9D5901FE8AC8800DDD48E /* rfid.png in Resources */,
				96E494271FB1A78500D1E2C1 /* Assets.xcassets in Resources */,
				B060131B1FD5088A00594CCD /* InOutCancel.storyboard in Resources */,
				55FC62A61FD14A56003B7173 /* Stock.storyboard in Resources */,
			);
			runOnlyForDeploymentPostprocessing = 0;
		};
		96E4942E1FB1A78500D1E2C1 /* Resources */ = {
			isa = PBXResourcesBuildPhase;
			buildActionMask = 2147483647;
			files = (
			);
			runOnlyForDeploymentPostprocessing = 0;
		};
		96E494391FB1A78500D1E2C1 /* Resources */ = {
			isa = PBXResourcesBuildPhase;
			buildActionMask = 2147483647;
			files = (
			);
			runOnlyForDeploymentPostprocessing = 0;
		};
/* End PBXResourcesBuildPhase section */

/* Begin PBXShellScriptBuildPhase section */
		96C23CE51FBD519D00744ADC /* ShellScript */ = {
			isa = PBXShellScriptBuildPhase;
			buildActionMask = 2147483647;
			files = (
			);
			inputPaths = (
				"",
			);
			outputPaths = (
			);
			runOnlyForDeploymentPostprocessing = 0;
			shellPath = /bin/sh;
			shellScript = "";
		};
/* End PBXShellScriptBuildPhase section */

/* Begin PBXSourcesBuildPhase section */
		96E494181FB1A78500D1E2C1 /* Sources */ = {
			isa = PBXSourcesBuildPhase;
			buildActionMask = 2147483647;
			files = (
				5575BB4E1FE2534100CACCC8 /* EventSelectStoreCell.swift in Sources */,
				555AC1251FE4C0AB00B6CBBA /* InSignDialog.swift in Sources */,
				B01C42081FE0CBD200404301 /* BaseTableViewController.swift in Sources */,
				9609374C1FE398AB0070755E /* TagOrderSearchCell.swift in Sources */,
				B01C42051FE0CA8000404301 /* BaseViewController.swift in Sources */,
				B060131F1FD529A200594CCD /* InOutCancelCell.swift in Sources */,
				9680BE881FCBD91D002838A4 /* SwingProtocol.m in Sources */,
				9609374A1FE3984D0070755E /* TagOrderSearch.swift in Sources */,
				55ACD6801FC8051900A2DC72 /* DataProtocol.swift in Sources */,
				55FA78561FBDAD7E00583A80 /* AppContext.swift in Sources */,
				559F39D81FD76EF5006E5C17 /* BranchSearchCell.swift in Sources */,
				555B988C1FD2776A006CC14F /* HistorySearch.swift in Sources */,
				96E494221FB1A78500D1E2C1 /* ViewController.swift in Sources */,
				559F39D41FD76A9F006E5C17 /* ClientConfig.swift in Sources */,
				55B302C21FCE323B00BDCCB1 /* BaseRfidViewController.swift in Sources */,
				55FA784D1FBDAD0B00583A80 /* RootViewController.swift in Sources */,
				B0A2357E1FDA6D4D00AD4925 /* InOutCancelDetail.swift in Sources */,
				96779DEE1FE27CE4009A4708 /* RfidInspectCell.swift in Sources */,
				96E494201FB1A78500D1E2C1 /* AppDelegate.swift in Sources */,
				9680BE8C1FCBD9D4002838A4 /* RfidSwing.swift in Sources */,
				B060131D1FD512B900594CCD /* InOutCancel.swift in Sources */,
				5590A5611FD4E7C1007571D5 /* ProdMappingOutCell.swift in Sources */,
				559F39D61FD76EC7006E5C17 /* BranchSearchDialog.swift in Sources */,
				55FA784C1FBDAD0B00583A80 /* RightViewController.swift in Sources */,
				B01C420D1FE105BB00404301 /* CombineOut.swift in Sources */,
				B0A2357C1FDA5E7F00AD4925 /* InOutCancelDetailCell.swift in Sources */,
				9680BE861FCBD91D002838A4 /* SwingApi.m in Sources */,
				5542B4BC1FE1F69000BD6A00 /* TagSupply.swift in Sources */,
				55D13A6E1FE36FCA00099F50 /* CombineInSearchCell.swift in Sources */,
				555B988E1FD27CC3006CC14F /* HistorySearchCell.swift in Sources */,
				5575BB4C1FE2528200CACCC8 /* EventSelectStore.swift in Sources */,
				55D13A681FE348FC00099F50 /* CombineIn.swift in Sources */,
				9680BE891FCBD91D002838A4 /* BLEUtility.m in Sources */,
				55C00A921FCE96E400ED5165 /* TagDetailCell.swift in Sources */,
				55C195821FE74410008299FE /* EasyInCell.swift in Sources */,
				55B154BA1FD7681500F69ABE /* ItemInfo.swift in Sources */,
				55FA784B1FBDAD0B00583A80 /* LeftViewController.swift in Sources */,
				9680BE851FCBD91D002838A4 /* BLEDevice.m in Sources */,
				55B302C71FCE32A600BDCCB1 /* RfidInspect.swift in Sources */,
				559F39DE1FD7708A006E5C17 /* IdentificationSystemDialog.swift in Sources */,
				553BCF8B1FC2DC3B00BE39C1 /* SliderDialog.swift in Sources */,
				559F39E91FD779D9006E5C17 /* EpcInfo.swift in Sources */,
				96994C511FC545DF00B3A726 /* LocalData.swift in Sources */,
				9618F0E61FCE83D300F376B7 /* TagCell.swift in Sources */,
				B077DA1C1FDF990900616F3A /* OutMemoDialog.swift in Sources */,
				55B302CA1FCE339400BDCCB1 /* ProductMountCell.swift in Sources */,
				9680BE871FCBD91D002838A4 /* SwingDevice.m in Sources */,
				B0FD4EDE1FE3C24700EE976E /* CombineOutWorkListCell.swift in Sources */,
				55FC62A41FD14A41003B7173 /* StockReview.swift in Sources */,
				55A579F01FD51A5700DBA188 /* WorkCustSearch.swift in Sources */,
				55ECF5DE1FCE8BC40021F786 /* TagDetailList.swift in Sources */,
				55FA78481FBDAD0B00583A80 /* AppNavigationDrawerController.swift in Sources */,
				559F39DA1FD7704C006E5C17 /* RfidTypeDialog.swift in Sources */,
				55B083071FDE48F3007E3EAB /* OutSignDialog.swift in Sources */,
				55C195801FE74405008299FE /* EasyIn.swift in Sources */,
				55B083091FDE497F007E3EAB /* ProductOrderSearchCell.swift in Sources */,
				55B302C31FCE323B00BDCCB1 /* RfidUtil.swift in Sources */,
				559F39EB1FD77D28006E5C17 /* ProdContainer.swift in Sources */,
				5542B4BA1FE1F67600BD6A00 /* RfidTrackingService.swift in Sources */,
				55D13A6C1FE36FB400099F50 /* CombineInSearch.swift in Sources */,
				55FA783A1FBDACE300583A80 /* UserLogin.swift in Sources */,
				5571CDE31FCF98E600F88B97 /* AppSnackbarController.swift in Sources */,
				550DD8AC1FDFC5BE00766DCF /* StockReviewCell.swift in Sources */,
				556C7DDA1FDA54010048D6C4 /* ProdInfoDialog.swift in Sources */,
				55C1958A1FE7621D008299FE /* EasyInSearchCell.swift in Sources */,
				559F39DC1FD77068006E5C17 /* RfidReaderDialog.swift in Sources */,
				B01C420F1FE105E400404301 /* CombineOutCell.swift in Sources */,
				55FA78491FBDAD0B00583A80 /* AppToolbarController.swift in Sources */,
				B0FD4EDD1FE3C24700EE976E /* CombineOutWorkList.swift in Sources */,
				55ACD6771FC802BD00A2DC72 /* ProductOrderSearch.swift in Sources */,
				960224441FD0F3E400DE7C65 /* AT288Reader.swift in Sources */,
				55ACD67E1FC804F800A2DC72 /* ListViewDialog.swift in Sources */,
				55FA783B1FBDACE300583A80 /* UserInfo.swift in Sources */,
				5575BB461FE238F000CACCC8 /* EventOther.swift in Sources */,
				55C195881FE7620E008299FE /* EasyInSearch.swift in Sources */,
				553A4E041FE0C0AB00271BBD /* StockReviewSearchCell.swift in Sources */,
				960224421FD0DBCD00DE7C65 /* SwingReader.swift in Sources */,
				55FA78351FBDACC600583A80 /* Constants.swift in Sources */,
				5522A62D1FDF9010009ED6EF /* TransitionController.swift in Sources */,
				55A579F21FD51A7400DBA188 /* WorkCustSearchCell.swift in Sources */,
				55B0830B1FDE4E0B007E3EAB /* YPDrawSignatureView.swift in Sources */,
				55D13A6A1FE3491C00099F50 /* CombineInCell.swift in Sources */,
				5575BB4A1FE2394200CACCC8 /* EventOtherCell.swift in Sources */,
				553F42FA1FCD4E8E006784AF /* ProductMount.swift in Sources */,
				96999C641FE3915400A0565B /* TagSupplyCell.swift in Sources */,
				5590A55D1FD4E194007571D5 /* ProdMappingOut.swift in Sources */,
				553A4E021FE0AFCE00271BBD /* StockReviewSearch.swift in Sources */,
				55FA784A1FBDAD0B00583A80 /* LeftMenuItem.swift in Sources */,
			);
			runOnlyForDeploymentPostprocessing = 0;
		};
		96E4942C1FB1A78500D1E2C1 /* Sources */ = {
			isa = PBXSourcesBuildPhase;
			buildActionMask = 2147483647;
			files = (
				96E494351FB1A78500D1E2C1 /* RRPPClientTests.swift in Sources */,
			);
			runOnlyForDeploymentPostprocessing = 0;
		};
		96E494371FB1A78500D1E2C1 /* Sources */ = {
			isa = PBXSourcesBuildPhase;
			buildActionMask = 2147483647;
			files = (
			);
			runOnlyForDeploymentPostprocessing = 0;
		};
/* End PBXSourcesBuildPhase section */

/* Begin PBXTargetDependency section */
		96E494321FB1A78500D1E2C1 /* PBXTargetDependency */ = {
			isa = PBXTargetDependency;
			target = 96E4941B1FB1A78500D1E2C1 /*  RRPPClient */;
			targetProxy = 96E494311FB1A78500D1E2C1 /* PBXContainerItemProxy */;
		};
		96E4943D1FB1A78500D1E2C1 /* PBXTargetDependency */ = {
			isa = PBXTargetDependency;
			target = 96E4941B1FB1A78500D1E2C1 /*  RRPPClient */;
			targetProxy = 96E4943C1FB1A78500D1E2C1 /* PBXContainerItemProxy */;
		};
/* End PBXTargetDependency section */

/* Begin PBXVariantGroup section */
		553F42F01FCCE94C006784AF /* Product.storyboard */ = {
			isa = PBXVariantGroup;
			children = (
				553F42EF1FCCE94C006784AF /* Base */,
				553F42F21FCCE959006784AF /* en */,
				553F42F41FCCE959006784AF /* zh */,
				553F42F61FCCE95B006784AF /* ko */,
			);
			name = Product.storyboard;
			sourceTree = "<group>";
		};
		967A9C461FC3BE8D00B6A9D1 /* Localizable.strings */ = {
			isa = PBXVariantGroup;
			children = (
				967A9C451FC3BE8D00B6A9D1 /* en */,
				967A9C471FC3BE9500B6A9D1 /* Base */,
				967A9C481FC3C57500B6A9D1 /* zh */,
				967A9C491FC3CA5900B6A9D1 /* ko */,
			);
			name = Localizable.strings;
			sourceTree = "<group>";
		};
		967A9C4C1FC4003B00B6A9D1 /* Main.storyboard */ = {
			isa = PBXVariantGroup;
			children = (
				967A9C4B1FC4003B00B6A9D1 /* Base */,
				967A9C4E1FC4004A00B6A9D1 /* en */,
				967A9C501FC4005300B6A9D1 /* zh */,
				967A9C521FC4005400B6A9D1 /* ko */,
			);
			name = Main.storyboard;
			sourceTree = "<group>";
		};
		96E494281FB1A78500D1E2C1 /* LaunchScreen.storyboard */ = {
			isa = PBXVariantGroup;
			children = (
				96E494291FB1A78500D1E2C1 /* Base */,
			);
			name = LaunchScreen.storyboard;
			sourceTree = "<group>";
		};
/* End PBXVariantGroup section */

/* Begin XCBuildConfiguration section */
		96E494421FB1A78500D1E2C1 /* Debug */ = {
			isa = XCBuildConfiguration;
			buildSettings = {
				ALWAYS_SEARCH_USER_PATHS = NO;
				CLANG_ANALYZER_LOCALIZABILITY_NONLOCALIZED = YES;
				CLANG_ANALYZER_NONNULL = YES;
				CLANG_ANALYZER_NUMBER_OBJECT_CONVERSION = YES_AGGRESSIVE;
				CLANG_CXX_LANGUAGE_STANDARD = "gnu++14";
				CLANG_CXX_LIBRARY = "libc++";
				CLANG_ENABLE_MODULES = YES;
				CLANG_ENABLE_OBJC_ARC = YES;
				CLANG_WARN_BLOCK_CAPTURE_AUTORELEASING = YES;
				CLANG_WARN_BOOL_CONVERSION = YES;
				CLANG_WARN_COMMA = YES;
				CLANG_WARN_CONSTANT_CONVERSION = YES;
				CLANG_WARN_DIRECT_OBJC_ISA_USAGE = YES_ERROR;
				CLANG_WARN_DOCUMENTATION_COMMENTS = YES;
				CLANG_WARN_EMPTY_BODY = YES;
				CLANG_WARN_ENUM_CONVERSION = YES;
				CLANG_WARN_INFINITE_RECURSION = YES;
				CLANG_WARN_INT_CONVERSION = YES;
				CLANG_WARN_NON_LITERAL_NULL_CONVERSION = YES;
				CLANG_WARN_OBJC_LITERAL_CONVERSION = YES;
				CLANG_WARN_OBJC_ROOT_CLASS = YES_ERROR;
				CLANG_WARN_RANGE_LOOP_ANALYSIS = YES;
				CLANG_WARN_STRICT_PROTOTYPES = YES;
				CLANG_WARN_SUSPICIOUS_MOVE = YES;
				CLANG_WARN_UNGUARDED_AVAILABILITY = YES_AGGRESSIVE;
				CLANG_WARN_UNREACHABLE_CODE = YES;
				CLANG_WARN__DUPLICATE_METHOD_MATCH = YES;
				CODE_SIGN_IDENTITY = "iPhone Developer";
				COPY_PHASE_STRIP = NO;
				DEBUG_INFORMATION_FORMAT = dwarf;
				ENABLE_STRICT_OBJC_MSGSEND = YES;
				ENABLE_TESTABILITY = YES;
				GCC_C_LANGUAGE_STANDARD = gnu11;
				GCC_DYNAMIC_NO_PIC = NO;
				GCC_NO_COMMON_BLOCKS = YES;
				GCC_OPTIMIZATION_LEVEL = 0;
				GCC_PREPROCESSOR_DEFINITIONS = (
					"DEBUG=1",
					"$(inherited)",
				);
				GCC_WARN_64_TO_32_BIT_CONVERSION = YES;
				GCC_WARN_ABOUT_RETURN_TYPE = YES_ERROR;
				GCC_WARN_UNDECLARED_SELECTOR = YES;
				GCC_WARN_UNINITIALIZED_AUTOS = YES_AGGRESSIVE;
				GCC_WARN_UNUSED_FUNCTION = YES;
				GCC_WARN_UNUSED_VARIABLE = YES;
				IPHONEOS_DEPLOYMENT_TARGET = 11.1;
				MTL_ENABLE_DEBUG_INFO = YES;
				ONLY_ACTIVE_ARCH = YES;
				OTHER_SWIFT_FLAGS = "";
				SDKROOT = iphoneos;
				SWIFT_ACTIVE_COMPILATION_CONDITIONS = DEBUG;
				SWIFT_OPTIMIZATION_LEVEL = "-Onone";
			};
			name = Debug;
		};
		96E494431FB1A78500D1E2C1 /* Release */ = {
			isa = XCBuildConfiguration;
			buildSettings = {
				ALWAYS_SEARCH_USER_PATHS = NO;
				CLANG_ANALYZER_LOCALIZABILITY_NONLOCALIZED = YES;
				CLANG_ANALYZER_NONNULL = YES;
				CLANG_ANALYZER_NUMBER_OBJECT_CONVERSION = YES_AGGRESSIVE;
				CLANG_CXX_LANGUAGE_STANDARD = "gnu++14";
				CLANG_CXX_LIBRARY = "libc++";
				CLANG_ENABLE_MODULES = YES;
				CLANG_ENABLE_OBJC_ARC = YES;
				CLANG_WARN_BLOCK_CAPTURE_AUTORELEASING = YES;
				CLANG_WARN_BOOL_CONVERSION = YES;
				CLANG_WARN_COMMA = YES;
				CLANG_WARN_CONSTANT_CONVERSION = YES;
				CLANG_WARN_DIRECT_OBJC_ISA_USAGE = YES_ERROR;
				CLANG_WARN_DOCUMENTATION_COMMENTS = YES;
				CLANG_WARN_EMPTY_BODY = YES;
				CLANG_WARN_ENUM_CONVERSION = YES;
				CLANG_WARN_INFINITE_RECURSION = YES;
				CLANG_WARN_INT_CONVERSION = YES;
				CLANG_WARN_NON_LITERAL_NULL_CONVERSION = YES;
				CLANG_WARN_OBJC_LITERAL_CONVERSION = YES;
				CLANG_WARN_OBJC_ROOT_CLASS = YES_ERROR;
				CLANG_WARN_RANGE_LOOP_ANALYSIS = YES;
				CLANG_WARN_STRICT_PROTOTYPES = YES;
				CLANG_WARN_SUSPICIOUS_MOVE = YES;
				CLANG_WARN_UNGUARDED_AVAILABILITY = YES_AGGRESSIVE;
				CLANG_WARN_UNREACHABLE_CODE = YES;
				CLANG_WARN__DUPLICATE_METHOD_MATCH = YES;
				CODE_SIGN_IDENTITY = "iPhone Developer";
				COPY_PHASE_STRIP = NO;
				DEBUG_INFORMATION_FORMAT = "dwarf-with-dsym";
				ENABLE_NS_ASSERTIONS = NO;
				ENABLE_STRICT_OBJC_MSGSEND = YES;
				GCC_C_LANGUAGE_STANDARD = gnu11;
				GCC_NO_COMMON_BLOCKS = YES;
				GCC_WARN_64_TO_32_BIT_CONVERSION = YES;
				GCC_WARN_ABOUT_RETURN_TYPE = YES_ERROR;
				GCC_WARN_UNDECLARED_SELECTOR = YES;
				GCC_WARN_UNINITIALIZED_AUTOS = YES_AGGRESSIVE;
				GCC_WARN_UNUSED_FUNCTION = YES;
				GCC_WARN_UNUSED_VARIABLE = YES;
				IPHONEOS_DEPLOYMENT_TARGET = 11.1;
				MTL_ENABLE_DEBUG_INFO = NO;
				OTHER_SWIFT_FLAGS = "";
				SDKROOT = iphoneos;
				SWIFT_OPTIMIZATION_LEVEL = "-Owholemodule";
				VALIDATE_PRODUCT = YES;
			};
			name = Release;
		};
		96E494451FB1A78500D1E2C1 /* Debug */ = {
			isa = XCBuildConfiguration;
			buildSettings = {
				ASSETCATALOG_COMPILER_APPICON_NAME = AppIcon;
				CLANG_ENABLE_MODULES = YES;
				"CODE_SIGN_IDENTITY[sdk=iphoneos*]" = "iPhone Developer";
				CODE_SIGN_STYLE = Automatic;
				DEVELOPMENT_TEAM = 98XQB8NK39;
				FRAMEWORK_SEARCH_PATHS = (
					"$(inherited)",
					"$(PROJECT_DIR)/Carthage/Build/iOS",
				);
				GCC_PREPROCESSOR_DEFINITIONS = "DEBUG=1";
				GCC_PREPROCESSOR_DEFINITIONS_NOT_USED_IN_PRECOMPS = "";
				INFOPLIST_FILE = RRPPClient/Info.plist;
				LD_RUNPATH_SEARCH_PATHS = "$(inherited) @executable_path/Frameworks";
				OTHER_SWIFT_FLAGS = "";
				PRODUCT_BUNDLE_IDENTIFIER = com.logisall.rrpp.RRPPClient;
				PRODUCT_NAME = "$(TARGET_NAME)";
				PROVISIONING_PROFILE = "";
				PROVISIONING_PROFILE_SPECIFIER = "";
				SWIFT_ACTIVE_COMPILATION_CONDITIONS = YOMILE;
				"SWIFT_ACTIVE_COMPILATION_CONDITIONS[arch=*]" = YOMILE;
				SWIFT_OBJC_BRIDGING_HEADER = "RRPPClient/RRPPClient-Bridging-Header.h";
				SWIFT_OPTIMIZATION_LEVEL = "-Onone";
				SWIFT_VERSION = 4.0;
				TARGETED_DEVICE_FAMILY = "1,2";
			};
			name = Debug;
		};
		96E494461FB1A78500D1E2C1 /* Release */ = {
			isa = XCBuildConfiguration;
			buildSettings = {
				ASSETCATALOG_COMPILER_APPICON_NAME = AppIcon;
				CLANG_ENABLE_MODULES = YES;
				"CODE_SIGN_IDENTITY[sdk=iphoneos*]" = "iPhone Developer";
				CODE_SIGN_STYLE = Automatic;
				DEVELOPMENT_TEAM = 98XQB8NK39;
				FRAMEWORK_SEARCH_PATHS = (
					"$(inherited)",
					"$(PROJECT_DIR)/Carthage/Build/iOS",
				);
				GCC_PREPROCESSOR_DEFINITIONS_NOT_USED_IN_PRECOMPS = "";
				INFOPLIST_FILE = RRPPClient/Info.plist;
				LD_RUNPATH_SEARCH_PATHS = "$(inherited) @executable_path/Frameworks";
				OTHER_SWIFT_FLAGS = "";
				PRODUCT_BUNDLE_IDENTIFIER = com.logisall.rrpp.RRPPClient;
				PRODUCT_NAME = "$(TARGET_NAME)";
				PROVISIONING_PROFILE_SPECIFIER = "";
				"SWIFT_ACTIVE_COMPILATION_CONDITIONS[arch=*]" = "";
				SWIFT_OBJC_BRIDGING_HEADER = "RRPPClient/RRPPClient-Bridging-Header.h";
				SWIFT_VERSION = 4.0;
				TARGETED_DEVICE_FAMILY = "1,2";
			};
			name = Release;
		};
		96E494481FB1A78500D1E2C1 /* Debug */ = {
			isa = XCBuildConfiguration;
			buildSettings = {
				ALWAYS_EMBED_SWIFT_STANDARD_LIBRARIES = YES;
				BUNDLE_LOADER = "$(TEST_HOST)";
				CODE_SIGN_STYLE = Automatic;
				DEVELOPMENT_TEAM = 98XQB8NK39;
				INFOPLIST_FILE = RRPPClientTests/Info.plist;
				LD_RUNPATH_SEARCH_PATHS = "$(inherited) @executable_path/Frameworks @loader_path/Frameworks";
				PRODUCT_BUNDLE_IDENTIFIER = com.moramcnt.webscout.RRPPClientTests;
				PRODUCT_NAME = "$(TARGET_NAME)";
				SWIFT_VERSION = 4.0;
				TARGETED_DEVICE_FAMILY = "1,2";
				TEST_HOST = "$(BUILT_PRODUCTS_DIR)/ RRPPClient.app/ RRPPClient";
			};
			name = Debug;
		};
		96E494491FB1A78500D1E2C1 /* Release */ = {
			isa = XCBuildConfiguration;
			buildSettings = {
				ALWAYS_EMBED_SWIFT_STANDARD_LIBRARIES = YES;
				BUNDLE_LOADER = "$(TEST_HOST)";
				CODE_SIGN_STYLE = Automatic;
				DEVELOPMENT_TEAM = 98XQB8NK39;
				INFOPLIST_FILE = RRPPClientTests/Info.plist;
				LD_RUNPATH_SEARCH_PATHS = "$(inherited) @executable_path/Frameworks @loader_path/Frameworks";
				PRODUCT_BUNDLE_IDENTIFIER = com.moramcnt.webscout.RRPPClientTests;
				PRODUCT_NAME = "$(TARGET_NAME)";
				SWIFT_VERSION = 4.0;
				TARGETED_DEVICE_FAMILY = "1,2";
				TEST_HOST = "$(BUILT_PRODUCTS_DIR)/ RRPPClient.app/ RRPPClient";
			};
			name = Release;
		};
		96E4944B1FB1A78500D1E2C1 /* Debug */ = {
			isa = XCBuildConfiguration;
			buildSettings = {
				ALWAYS_EMBED_SWIFT_STANDARD_LIBRARIES = YES;
				CODE_SIGN_STYLE = Automatic;
				DEVELOPMENT_TEAM = 98XQB8NK39;
				INFOPLIST_FILE = RRPPClientUITests/Info.plist;
				LD_RUNPATH_SEARCH_PATHS = "$(inherited) @executable_path/Frameworks @loader_path/Frameworks";
				PRODUCT_BUNDLE_IDENTIFIER = com.moramcnt.webscout.RRPPClientUITests;
				PRODUCT_NAME = "$(TARGET_NAME)";
				SWIFT_VERSION = 4.0;
				TARGETED_DEVICE_FAMILY = "1,2";
				TEST_TARGET_NAME = RRPPClient;
			};
			name = Debug;
		};
		96E4944C1FB1A78500D1E2C1 /* Release */ = {
			isa = XCBuildConfiguration;
			buildSettings = {
				ALWAYS_EMBED_SWIFT_STANDARD_LIBRARIES = YES;
				CODE_SIGN_STYLE = Automatic;
				DEVELOPMENT_TEAM = 98XQB8NK39;
				INFOPLIST_FILE = RRPPClientUITests/Info.plist;
				LD_RUNPATH_SEARCH_PATHS = "$(inherited) @executable_path/Frameworks @loader_path/Frameworks";
				PRODUCT_BUNDLE_IDENTIFIER = com.moramcnt.webscout.RRPPClientUITests;
				PRODUCT_NAME = "$(TARGET_NAME)";
				SWIFT_VERSION = 4.0;
				TARGETED_DEVICE_FAMILY = "1,2";
				TEST_TARGET_NAME = RRPPClient;
			};
			name = Release;
		};
/* End XCBuildConfiguration section */

/* Begin XCConfigurationList section */
		96E494171FB1A78500D1E2C1 /* Build configuration list for PBXProject "RRPPClient" */ = {
			isa = XCConfigurationList;
			buildConfigurations = (
				96E494421FB1A78500D1E2C1 /* Debug */,
				96E494431FB1A78500D1E2C1 /* Release */,
			);
			defaultConfigurationIsVisible = 0;
			defaultConfigurationName = Release;
		};
		96E494441FB1A78500D1E2C1 /* Build configuration list for PBXNativeTarget " RRPPClient" */ = {
			isa = XCConfigurationList;
			buildConfigurations = (
				96E494451FB1A78500D1E2C1 /* Debug */,
				96E494461FB1A78500D1E2C1 /* Release */,
			);
			defaultConfigurationIsVisible = 0;
			defaultConfigurationName = Release;
		};
		96E494471FB1A78500D1E2C1 /* Build configuration list for PBXNativeTarget " RRPPClientTests" */ = {
			isa = XCConfigurationList;
			buildConfigurations = (
				96E494481FB1A78500D1E2C1 /* Debug */,
				96E494491FB1A78500D1E2C1 /* Release */,
			);
			defaultConfigurationIsVisible = 0;
			defaultConfigurationName = Release;
		};
		96E4944A1FB1A78500D1E2C1 /* Build configuration list for PBXNativeTarget " RRPPClientUITests" */ = {
			isa = XCConfigurationList;
			buildConfigurations = (
				96E4944B1FB1A78500D1E2C1 /* Debug */,
				96E4944C1FB1A78500D1E2C1 /* Release */,
			);
			defaultConfigurationIsVisible = 0;
			defaultConfigurationName = Release;
		};
/* End XCConfigurationList section */
	};
	rootObject = 96E494141FB1A78500D1E2C1 /* Project object */;
}
