// !$*UTF8*$!
{
	archiveVersion = 1;
	classes = {
	};
	objectVersion = 48;
	objects = {

/* Begin PBXBuildFile section */
		9641E8B51FB56DBA00E0E422 /* DataColumn.swift in Sources */ = {isa = PBXBuildFile; fileRef = 9641E8B41FB56DBA00E0E422 /* DataColumn.swift */; };
		967DC3E41FB42C37000265CD /* DataRow.swift in Sources */ = {isa = PBXBuildFile; fileRef = 967DC3E31FB42C37000265CD /* DataRow.swift */; };
		96B2A9911FB5836F009E2615 /* DataTable.swift in Sources */ = {isa = PBXBuildFile; fileRef = 96B2A9901FB5836F009E2615 /* DataTable.swift */; };
		96B2A9931FB5A0F9009E2615 /* DataClient.swift in Sources */ = {isa = PBXBuildFile; fileRef = 96B2A9921FB5A0F9009E2615 /* DataClient.swift */; };
		96B2A9951FB5A13C009E2615 /* DataSourceMgr.swift in Sources */ = {isa = PBXBuildFile; fileRef = 96B2A9941FB5A13C009E2615 /* DataSourceMgr.swift */; };
		96B6E7711FBC1E80004F85B5 /* QueryMaker.swift in Sources */ = {isa = PBXBuildFile; fileRef = 96B6E7701FBC1E80004F85B5 /* QueryMaker.swift */; };
		96C23CDD1FBD206B00744ADC /* SWXMLHash.framework in Frameworks */ = {isa = PBXBuildFile; fileRef = 96C23CDC1FBD206B00744ADC /* SWXMLHash.framework */; };
		96E494941FB1B5ED00D1E2C1 /* Mosaic.framework in Frameworks */ = {isa = PBXBuildFile; fileRef = 96E4948A1FB1B5ED00D1E2C1 /* Mosaic.framework */; };
		96E494991FB1B5ED00D1E2C1 /* MosaicTests.swift in Sources */ = {isa = PBXBuildFile; fileRef = 96E494981FB1B5ED00D1E2C1 /* MosaicTests.swift */; };
		96E4949B1FB1B5ED00D1E2C1 /* Mosaic.h in Headers */ = {isa = PBXBuildFile; fileRef = 96E4948D1FB1B5ED00D1E2C1 /* Mosaic.h */; settings = {ATTRIBUTES = (Public, ); }; };
/* End PBXBuildFile section */

/* Begin PBXContainerItemProxy section */
		96E494951FB1B5ED00D1E2C1 /* PBXContainerItemProxy */ = {
			isa = PBXContainerItemProxy;
			containerPortal = 96E494811FB1B5ED00D1E2C1 /* Project object */;
			proxyType = 1;
			remoteGlobalIDString = 96E494891FB1B5ED00D1E2C1;
			remoteInfo = mfw;
		};
/* End PBXContainerItemProxy section */

/* Begin PBXFileReference section */
		9641E8B41FB56DBA00E0E422 /* DataColumn.swift */ = {isa = PBXFileReference; lastKnownFileType = sourcecode.swift; path = DataColumn.swift; sourceTree = "<group>"; };
		967DC3E31FB42C37000265CD /* DataRow.swift */ = {isa = PBXFileReference; lastKnownFileType = sourcecode.swift; path = DataRow.swift; sourceTree = "<group>"; };
		96B2A9901FB5836F009E2615 /* DataTable.swift */ = {isa = PBXFileReference; lastKnownFileType = sourcecode.swift; path = DataTable.swift; sourceTree = "<group>"; };
		96B2A9921FB5A0F9009E2615 /* DataClient.swift */ = {isa = PBXFileReference; lastKnownFileType = sourcecode.swift; path = DataClient.swift; sourceTree = "<group>"; };
		96B2A9941FB5A13C009E2615 /* DataSourceMgr.swift */ = {isa = PBXFileReference; lastKnownFileType = sourcecode.swift; path = DataSourceMgr.swift; sourceTree = "<group>"; };
		96B6E7701FBC1E80004F85B5 /* QueryMaker.swift */ = {isa = PBXFileReference; lastKnownFileType = sourcecode.swift; path = QueryMaker.swift; sourceTree = "<group>"; };
		96C23CD61FBD1B8100744ADC /* SWXMLHash */ = {isa = PBXFileReference; lastKnownFileType = "compiled.mach-o.dylib"; name = SWXMLHash; path = ../Carthage/Build/iOS/SWXMLHash.framework/SWXMLHash; sourceTree = "<group>"; };
		96C23CD81FBD1D0D00744ADC /* SWXMLHash.framework */ = {isa = PBXFileReference; lastKnownFileType = wrapper.framework; name = SWXMLHash.framework; path = ../Carthage/Build/iOS/SWXMLHash.framework; sourceTree = "<group>"; };
		96C23CDC1FBD206B00744ADC /* SWXMLHash.framework */ = {isa = PBXFileReference; lastKnownFileType = wrapper.framework; name = SWXMLHash.framework; path = Carthage/Build/iOS/SWXMLHash.framework; sourceTree = "<group>"; };
		96E4948A1FB1B5ED00D1E2C1 /* Mosaic.framework */ = {isa = PBXFileReference; explicitFileType = wrapper.framework; includeInIndex = 0; path = Mosaic.framework; sourceTree = BUILT_PRODUCTS_DIR; };
		96E4948D1FB1B5ED00D1E2C1 /* Mosaic.h */ = {isa = PBXFileReference; lastKnownFileType = sourcecode.c.h; path = Mosaic.h; sourceTree = "<group>"; };
		96E4948E1FB1B5ED00D1E2C1 /* Info.plist */ = {isa = PBXFileReference; lastKnownFileType = text.plist.xml; path = Info.plist; sourceTree = "<group>"; };
		96E494931FB1B5ED00D1E2C1 /* MosaicTests.xctest */ = {isa = PBXFileReference; explicitFileType = wrapper.cfbundle; includeInIndex = 0; path = MosaicTests.xctest; sourceTree = BUILT_PRODUCTS_DIR; };
		96E494981FB1B5ED00D1E2C1 /* MosaicTests.swift */ = {isa = PBXFileReference; lastKnownFileType = sourcecode.swift; path = MosaicTests.swift; sourceTree = "<group>"; };
		96E4949A1FB1B5ED00D1E2C1 /* Info.plist */ = {isa = PBXFileReference; lastKnownFileType = text.plist.xml; path = Info.plist; sourceTree = "<group>"; };
/* End PBXFileReference section */

/* Begin PBXFrameworksBuildPhase section */
		96E494861FB1B5ED00D1E2C1 /* Frameworks */ = {
			isa = PBXFrameworksBuildPhase;
			buildActionMask = 2147483647;
			files = (
				96C23CDD1FBD206B00744ADC /* SWXMLHash.framework in Frameworks */,
			);
			runOnlyForDeploymentPostprocessing = 0;
		};
		96E494901FB1B5ED00D1E2C1 /* Frameworks */ = {
			isa = PBXFrameworksBuildPhase;
			buildActionMask = 2147483647;
			files = (
				96E494941FB1B5ED00D1E2C1 /* Mosaic.framework in Frameworks */,
			);
			runOnlyForDeploymentPostprocessing = 0;
		};
/* End PBXFrameworksBuildPhase section */

/* Begin PBXGroup section */
		96690EB11FBE5CC40008B0EC /* Mosaic */ = {
			isa = PBXGroup;
			children = (
				96E494A41FB1B62E00D1E2C1 /* Network */,
				967DC3E21FB42BD6000265CD /* Data */,
				96E4948D1FB1B5ED00D1E2C1 /* Mosaic.h */,
				96E4948E1FB1B5ED00D1E2C1 /* Info.plist */,
			);
			path = Mosaic;
			sourceTree = "<group>";
		};
		967DC3E21FB42BD6000265CD /* Data */ = {
			isa = PBXGroup;
			children = (
				967DC3E31FB42C37000265CD /* DataRow.swift */,
				9641E8B41FB56DBA00E0E422 /* DataColumn.swift */,
				96B2A9901FB5836F009E2615 /* DataTable.swift */,
				96B2A9941FB5A13C009E2615 /* DataSourceMgr.swift */,
				96B6E7701FBC1E80004F85B5 /* QueryMaker.swift */,
			);
			path = Data;
			sourceTree = "<group>";
		};
		96C23CD51FBD1B8100744ADC /* Frameworks */ = {
			isa = PBXGroup;
			children = (
				96C23CD81FBD1D0D00744ADC /* SWXMLHash.framework */,
				96C23CDC1FBD206B00744ADC /* SWXMLHash.framework */,
				96C23CD61FBD1B8100744ADC /* SWXMLHash */,
			);
			name = Frameworks;
			sourceTree = "<group>";
		};
		96E494801FB1B5ED00D1E2C1 = {
			isa = PBXGroup;
			children = (
				96690EB11FBE5CC40008B0EC /* Mosaic */,
				96E494971FB1B5ED00D1E2C1 /* MosaicTests */,
				96E4948B1FB1B5ED00D1E2C1 /* Products */,
				96C23CD51FBD1B8100744ADC /* Frameworks */,
			);
			sourceTree = "<group>";
		};
		96E4948B1FB1B5ED00D1E2C1 /* Products */ = {
			isa = PBXGroup;
			children = (
				96E4948A1FB1B5ED00D1E2C1 /* Mosaic.framework */,
				96E494931FB1B5ED00D1E2C1 /* MosaicTests.xctest */,
			);
			name = Products;
			sourceTree = "<group>";
		};
		96E494971FB1B5ED00D1E2C1 /* MosaicTests */ = {
			isa = PBXGroup;
			children = (
				96E494981FB1B5ED00D1E2C1 /* MosaicTests.swift */,
				96E4949A1FB1B5ED00D1E2C1 /* Info.plist */,
			);
			path = MosaicTests;
			sourceTree = "<group>";
		};
		96E494A41FB1B62E00D1E2C1 /* Network */ = {
			isa = PBXGroup;
			children = (
				96B2A9921FB5A0F9009E2615 /* DataClient.swift */,
			);
			path = Network;
			sourceTree = "<group>";
		};
/* End PBXGroup section */

/* Begin PBXHeadersBuildPhase section */
		96E494871FB1B5ED00D1E2C1 /* Headers */ = {
			isa = PBXHeadersBuildPhase;
			buildActionMask = 2147483647;
			files = (
				96E4949B1FB1B5ED00D1E2C1 /* Mosaic.h in Headers */,
			);
			runOnlyForDeploymentPostprocessing = 0;
		};
/* End PBXHeadersBuildPhase section */

/* Begin PBXNativeTarget section */
		96E494891FB1B5ED00D1E2C1 /* Mosaic */ = {
			isa = PBXNativeTarget;
			buildConfigurationList = 96E4949E1FB1B5ED00D1E2C1 /* Build configuration list for PBXNativeTarget "Mosaic" */;
			buildPhases = (
				96E494851FB1B5ED00D1E2C1 /* Sources */,
				96E494861FB1B5ED00D1E2C1 /* Frameworks */,
				96E494871FB1B5ED00D1E2C1 /* Headers */,
				96E494881FB1B5ED00D1E2C1 /* Resources */,
				96C23CDA1FBD1D2600744ADC /* ShellScript */,
			);
			buildRules = (
			);
			dependencies = (
			);
			name = Mosaic;
			productName = mfw;
			productReference = 96E4948A1FB1B5ED00D1E2C1 /* Mosaic.framework */;
			productType = "com.apple.product-type.framework";
		};
		96E494921FB1B5ED00D1E2C1 /* MosaicTests */ = {
			isa = PBXNativeTarget;
			buildConfigurationList = 96E494A11FB1B5ED00D1E2C1 /* Build configuration list for PBXNativeTarget "MosaicTests" */;
			buildPhases = (
				96E4948F1FB1B5ED00D1E2C1 /* Sources */,
				96E494901FB1B5ED00D1E2C1 /* Frameworks */,
				96E494911FB1B5ED00D1E2C1 /* Resources */,
			);
			buildRules = (
			);
			dependencies = (
				96E494961FB1B5ED00D1E2C1 /* PBXTargetDependency */,
			);
			name = MosaicTests;
			productName = mfwTests;
			productReference = 96E494931FB1B5ED00D1E2C1 /* MosaicTests.xctest */;
			productType = "com.apple.product-type.bundle.unit-test";
		};
/* End PBXNativeTarget section */

/* Begin PBXProject section */
		96E494811FB1B5ED00D1E2C1 /* Project object */ = {
			isa = PBXProject;
			attributes = {
				LastSwiftUpdateCheck = 0910;
				LastUpgradeCheck = 0910;
				ORGANIZATIONNAME = MORAMCNT;
				TargetAttributes = {
					96E494891FB1B5ED00D1E2C1 = {
						CreatedOnToolsVersion = 9.1;
						LastSwiftMigration = 0910;
						ProvisioningStyle = Automatic;
					};
					96E494921FB1B5ED00D1E2C1 = {
						CreatedOnToolsVersion = 9.1;
						ProvisioningStyle = Automatic;
					};
				};
			};
			buildConfigurationList = 96E494841FB1B5ED00D1E2C1 /* Build configuration list for PBXProject "Mosaic" */;
			compatibilityVersion = "Xcode 8.0";
			developmentRegion = en;
			hasScannedForEncodings = 0;
			knownRegions = (
				en,
			);
			mainGroup = 96E494801FB1B5ED00D1E2C1;
			productRefGroup = 96E4948B1FB1B5ED00D1E2C1 /* Products */;
			projectDirPath = "";
			projectRoot = "";
			targets = (
				96E494891FB1B5ED00D1E2C1 /* Mosaic */,
				96E494921FB1B5ED00D1E2C1 /* MosaicTests */,
			);
		};
/* End PBXProject section */

/* Begin PBXResourcesBuildPhase section */
		96E494881FB1B5ED00D1E2C1 /* Resources */ = {
			isa = PBXResourcesBuildPhase;
			buildActionMask = 2147483647;
			files = (
			);
			runOnlyForDeploymentPostprocessing = 0;
		};
		96E494911FB1B5ED00D1E2C1 /* Resources */ = {
			isa = PBXResourcesBuildPhase;
			buildActionMask = 2147483647;
			files = (
			);
			runOnlyForDeploymentPostprocessing = 0;
		};
/* End PBXResourcesBuildPhase section */

/* Begin PBXShellScriptBuildPhase section */
		96C23CDA1FBD1D2600744ADC /* ShellScript */ = {
			isa = PBXShellScriptBuildPhase;
			buildActionMask = 2147483647;
			files = (
			);
			inputPaths = (
				"$(SRCROOT)/Carthage/Build/iOS/SWXMLHash.framework",
			);
			outputPaths = (
			);
			runOnlyForDeploymentPostprocessing = 0;
			shellPath = /bin/sh;
			shellScript = "/usr/local/bin/carthage copy-frameworks";
		};
/* End PBXShellScriptBuildPhase section */

/* Begin PBXSourcesBuildPhase section */
		96E494851FB1B5ED00D1E2C1 /* Sources */ = {
			isa = PBXSourcesBuildPhase;
			buildActionMask = 2147483647;
			files = (
				96B2A9911FB5836F009E2615 /* DataTable.swift in Sources */,
				967DC3E41FB42C37000265CD /* DataRow.swift in Sources */,
				96B2A9931FB5A0F9009E2615 /* DataClient.swift in Sources */,
				9641E8B51FB56DBA00E0E422 /* DataColumn.swift in Sources */,
				96B2A9951FB5A13C009E2615 /* DataSourceMgr.swift in Sources */,
				96B6E7711FBC1E80004F85B5 /* QueryMaker.swift in Sources */,
			);
			runOnlyForDeploymentPostprocessing = 0;
		};
		96E4948F1FB1B5ED00D1E2C1 /* Sources */ = {
			isa = PBXSourcesBuildPhase;
			buildActionMask = 2147483647;
			files = (
				96E494991FB1B5ED00D1E2C1 /* MosaicTests.swift in Sources */,
			);
			runOnlyForDeploymentPostprocessing = 0;
		};
/* End PBXSourcesBuildPhase section */

/* Begin PBXTargetDependency section */
		96E494961FB1B5ED00D1E2C1 /* PBXTargetDependency */ = {
			isa = PBXTargetDependency;
			target = 96E494891FB1B5ED00D1E2C1 /* Mosaic */;
			targetProxy = 96E494951FB1B5ED00D1E2C1 /* PBXContainerItemProxy */;
		};
/* End PBXTargetDependency section */

/* Begin XCBuildConfiguration section */
		96E4949C1FB1B5ED00D1E2C1 /* Debug */ = {
			isa = XCBuildConfiguration;
			buildSettings = {
				ALWAYS_SEARCH_USER_PATHS = NO;
				CLANG_ANALYZER_NONNULL = YES;
				CLANG_ANALYZER_NUMBER_OBJECT_CONVERSION = YES_AGGRESSIVE;
				CLANG_CXX_LANGUAGE_STANDARD = "gnu++14";
				CLANG_CXX_LIBRARY = "libc++";
				CLANG_ENABLE_MODULES = YES;
				CLANG_ENABLE_OBJC_ARC = YES;
				CLANG_WARN_BLOCK_CAPTURE_AUTORELEASING = YES;
				CLANG_WARN_BOOL_CONVERSION = YES;
				CLANG_WARN_COMMA = YES;
				CLANG_WARN_CONSTANT_CONVERSION = YES;
				CLANG_WARN_DIRECT_OBJC_ISA_USAGE = YES_ERROR;
				CLANG_WARN_DOCUMENTATION_COMMENTS = YES;
				CLANG_WARN_EMPTY_BODY = YES;
				CLANG_WARN_ENUM_CONVERSION = YES;
				CLANG_WARN_INFINITE_RECURSION = YES;
				CLANG_WARN_INT_CONVERSION = YES;
				CLANG_WARN_NON_LITERAL_NULL_CONVERSION = YES;
				CLANG_WARN_OBJC_LITERAL_CONVERSION = YES;
				CLANG_WARN_OBJC_ROOT_CLASS = YES_ERROR;
				CLANG_WARN_RANGE_LOOP_ANALYSIS = YES;
				CLANG_WARN_STRICT_PROTOTYPES = YES;
				CLANG_WARN_SUSPICIOUS_MOVE = YES;
				CLANG_WARN_UNGUARDED_AVAILABILITY = YES_AGGRESSIVE;
				CLANG_WARN_UNREACHABLE_CODE = YES;
				CLANG_WARN__DUPLICATE_METHOD_MATCH = YES;
				CODE_SIGN_IDENTITY = "iPhone Developer";
				COPY_PHASE_STRIP = NO;
				CURRENT_PROJECT_VERSION = 1;
				DEBUG_INFORMATION_FORMAT = dwarf;
				ENABLE_STRICT_OBJC_MSGSEND = YES;
				ENABLE_TESTABILITY = YES;
				GCC_C_LANGUAGE_STANDARD = gnu11;
				GCC_DYNAMIC_NO_PIC = NO;
				GCC_NO_COMMON_BLOCKS = YES;
				GCC_OPTIMIZATION_LEVEL = 0;
				GCC_PREPROCESSOR_DEFINITIONS = (
					"DEBUG=1",
					"$(inherited)",
				);
				GCC_WARN_64_TO_32_BIT_CONVERSION = YES;
				GCC_WARN_ABOUT_RETURN_TYPE = YES_ERROR;
				GCC_WARN_UNDECLARED_SELECTOR = YES;
				GCC_WARN_UNINITIALIZED_AUTOS = YES_AGGRESSIVE;
				GCC_WARN_UNUSED_FUNCTION = YES;
				GCC_WARN_UNUSED_VARIABLE = YES;
				IPHONEOS_DEPLOYMENT_TARGET = 11.1;
				MTL_ENABLE_DEBUG_INFO = YES;
				ONLY_ACTIVE_ARCH = YES;
				SDKROOT = iphoneos;
				SWIFT_ACTIVE_COMPILATION_CONDITIONS = DEBUG;
				SWIFT_OPTIMIZATION_LEVEL = "-Onone";
				VERSIONING_SYSTEM = "apple-generic";
				VERSION_INFO_PREFIX = "";
			};
			name = Debug;
		};
		96E4949D1FB1B5ED00D1E2C1 /* Release */ = {
			isa = XCBuildConfiguration;
			buildSettings = {
				ALWAYS_SEARCH_USER_PATHS = NO;
				CLANG_ANALYZER_NONNULL = YES;
				CLANG_ANALYZER_NUMBER_OBJECT_CONVERSION = YES_AGGRESSIVE;
				CLANG_CXX_LANGUAGE_STANDARD = "gnu++14";
				CLANG_CXX_LIBRARY = "libc++";
				CLANG_ENABLE_MODULES = YES;
				CLANG_ENABLE_OBJC_ARC = YES;
				CLANG_WARN_BLOCK_CAPTURE_AUTORELEASING = YES;
				CLANG_WARN_BOOL_CONVERSION = YES;
				CLANG_WARN_COMMA = YES;
				CLANG_WARN_CONSTANT_CONVERSION = YES;
				CLANG_WARN_DIRECT_OBJC_ISA_USAGE = YES_ERROR;
				CLANG_WARN_DOCUMENTATION_COMMENTS = YES;
				CLANG_WARN_EMPTY_BODY = YES;
				CLANG_WARN_ENUM_CONVERSION = YES;
				CLANG_WARN_INFINITE_RECURSION = YES;
				CLANG_WARN_INT_CONVERSION = YES;
				CLANG_WARN_NON_LITERAL_NULL_CONVERSION = YES;
				CLANG_WARN_OBJC_LITERAL_CONVERSION = YES;
				CLANG_WARN_OBJC_ROOT_CLASS = YES_ERROR;
				CLANG_WARN_RANGE_LOOP_ANALYSIS = YES;
				CLANG_WARN_STRICT_PROTOTYPES = YES;
				CLANG_WARN_SUSPICIOUS_MOVE = YES;
				CLANG_WARN_UNGUARDED_AVAILABILITY = YES_AGGRESSIVE;
				CLANG_WARN_UNREACHABLE_CODE = YES;
				CLANG_WARN__DUPLICATE_METHOD_MATCH = YES;
				CODE_SIGN_IDENTITY = "iPhone Developer";
				COPY_PHASE_STRIP = NO;
				CURRENT_PROJECT_VERSION = 1;
				DEBUG_INFORMATION_FORMAT = "dwarf-with-dsym";
				ENABLE_NS_ASSERTIONS = NO;
				ENABLE_STRICT_OBJC_MSGSEND = YES;
				GCC_C_LANGUAGE_STANDARD = gnu11;
				GCC_NO_COMMON_BLOCKS = YES;
				GCC_WARN_64_TO_32_BIT_CONVERSION = YES;
				GCC_WARN_ABOUT_RETURN_TYPE = YES_ERROR;
				GCC_WARN_UNDECLARED_SELECTOR = YES;
				GCC_WARN_UNINITIALIZED_AUTOS = YES_AGGRESSIVE;
				GCC_WARN_UNUSED_FUNCTION = YES;
				GCC_WARN_UNUSED_VARIABLE = YES;
				IPHONEOS_DEPLOYMENT_TARGET = 11.1;
				MTL_ENABLE_DEBUG_INFO = NO;
				SDKROOT = iphoneos;
				SWIFT_OPTIMIZATION_LEVEL = "-Owholemodule";
				VALIDATE_PRODUCT = YES;
				VERSIONING_SYSTEM = "apple-generic";
				VERSION_INFO_PREFIX = "";
			};
			name = Release;
		};
		96E4949F1FB1B5ED00D1E2C1 /* Debug */ = {
			isa = XCBuildConfiguration;
			buildSettings = {
				CLANG_ENABLE_MODULES = YES;
				CODE_SIGN_IDENTITY = "";
				CODE_SIGN_STYLE = Automatic;
				DEFINES_MODULE = YES;
				DEVELOPMENT_TEAM = 98XQB8NK39;
				DYLIB_COMPATIBILITY_VERSION = 1;
				DYLIB_CURRENT_VERSION = 1;
				DYLIB_INSTALL_NAME_BASE = "@rpath";
				FRAMEWORK_SEARCH_PATHS = (
					"$(inherited)",
					"$(PROJECT_DIR)/Carthage/Build/iOS",
				);
				INFOPLIST_FILE = Mosaic/Info.plist;
				INSTALL_PATH = "$(LOCAL_LIBRARY_DIR)/Frameworks";
				LD_RUNPATH_SEARCH_PATHS = "$(inherited) @executable_path/Frameworks @loader_path/Frameworks";
				PRODUCT_BUNDLE_IDENTIFIER = com.logisall.rrpp.Mosaic;
				PRODUCT_NAME = "$(TARGET_NAME:c99extidentifier)";
				SKIP_INSTALL = YES;
				SWIFT_OPTIMIZATION_LEVEL = "-Onone";
				SWIFT_VERSION = 4.0;
				TARGETED_DEVICE_FAMILY = "1,2";
			};
			name = Debug;
		};
		96E494A01FB1B5ED00D1E2C1 /* Release */ = {
			isa = XCBuildConfiguration;
			buildSettings = {
				CLANG_ENABLE_MODULES = YES;
				CODE_SIGN_IDENTITY = "";
				CODE_SIGN_STYLE = Automatic;
				DEFINES_MODULE = YES;
				DEVELOPMENT_TEAM = 98XQB8NK39;
				DYLIB_COMPATIBILITY_VERSION = 1;
				DYLIB_CURRENT_VERSION = 1;
				DYLIB_INSTALL_NAME_BASE = "@rpath";
				FRAMEWORK_SEARCH_PATHS = (
					"$(inherited)",
					"$(PROJECT_DIR)/Carthage/Build/iOS",
				);
				INFOPLIST_FILE = Mosaic/Info.plist;
				INSTALL_PATH = "$(LOCAL_LIBRARY_DIR)/Frameworks";
				LD_RUNPATH_SEARCH_PATHS = "$(inherited) @executable_path/Frameworks @loader_path/Frameworks";
				PRODUCT_BUNDLE_IDENTIFIER = com.logisall.rrpp.Mosaic;
				PRODUCT_NAME = "$(TARGET_NAME:c99extidentifier)";
				SKIP_INSTALL = YES;
				SWIFT_VERSION = 4.0;
				TARGETED_DEVICE_FAMILY = "1,2";
			};
			name = Release;
		};
		96E494A21FB1B5ED00D1E2C1 /* Debug */ = {
			isa = XCBuildConfiguration;
			buildSettings = {
				ALWAYS_EMBED_SWIFT_STANDARD_LIBRARIES = YES;
				CODE_SIGN_STYLE = Automatic;
				DEVELOPMENT_TEAM = 98XQB8NK39;
				INFOPLIST_FILE = mfwTests/Info.plist;
				LD_RUNPATH_SEARCH_PATHS = "$(inherited) @executable_path/Frameworks @loader_path/Frameworks";
				PRODUCT_BUNDLE_IDENTIFIER = com.moramcnt.webscout.mfwTests;
				PRODUCT_NAME = "$(TARGET_NAME)";
				SWIFT_VERSION = 4.0;
				TARGETED_DEVICE_FAMILY = "1,2";
			};
			name = Debug;
		};
		96E494A31FB1B5ED00D1E2C1 /* Release */ = {
			isa = XCBuildConfiguration;
			buildSettings = {
				ALWAYS_EMBED_SWIFT_STANDARD_LIBRARIES = YES;
				CODE_SIGN_STYLE = Automatic;
				DEVELOPMENT_TEAM = 98XQB8NK39;
				INFOPLIST_FILE = mfwTests/Info.plist;
				LD_RUNPATH_SEARCH_PATHS = "$(inherited) @executable_path/Frameworks @loader_path/Frameworks";
				PRODUCT_BUNDLE_IDENTIFIER = com.moramcnt.webscout.mfwTests;
				PRODUCT_NAME = "$(TARGET_NAME)";
				SWIFT_VERSION = 4.0;
				TARGETED_DEVICE_FAMILY = "1,2";
			};
			name = Release;
		};
/* End XCBuildConfiguration section */

/* Begin XCConfigurationList section */
		96E494841FB1B5ED00D1E2C1 /* Build configuration list for PBXProject "Mosaic" */ = {
			isa = XCConfigurationList;
			buildConfigurations = (
				96E4949C1FB1B5ED00D1E2C1 /* Debug */,
				96E4949D1FB1B5ED00D1E2C1 /* Release */,
			);
			defaultConfigurationIsVisible = 0;
			defaultConfigurationName = Release;
		};
		96E4949E1FB1B5ED00D1E2C1 /* Build configuration list for PBXNativeTarget "Mosaic" */ = {
			isa = XCConfigurationList;
			buildConfigurations = (
				96E4949F1FB1B5ED00D1E2C1 /* Debug */,
				96E494A01FB1B5ED00D1E2C1 /* Release */,
			);
			defaultConfigurationIsVisible = 0;
			defaultConfigurationName = Release;
		};
		96E494A11FB1B5ED00D1E2C1 /* Build configuration list for PBXNativeTarget "MosaicTests" */ = {
			isa = XCConfigurationList;
			buildConfigurations = (
				96E494A21FB1B5ED00D1E2C1 /* Debug */,
				96E494A31FB1B5ED00D1E2C1 /* Release */,
			);
			defaultConfigurationIsVisible = 0;
			defaultConfigurationName = Release;
		};
/* End XCConfigurationList section */
	};
	rootObject = 96E494811FB1B5ED00D1E2C1 /* Project object */;
}
